
Microsoft Visual Studio Solution File, Format Version 12.00
# Visual Studio Version 17
VisualStudioVersion = 17.8.34316.72
MinimumVisualStudioVersion = 10.0.40219.1
Project("{FAE04EC0-301F-11D3-BF4B-00C04F79EFBC}") = "2021 Day 13", "2021 Day 13.csproj", "{92202443-9A06-4C44-AF97-4F6498A6A234}"
EndProject
Global
	GlobalSection(SolutionConfigurationPlatforms) = preSolution
		Debug|Any CPU = Debug|Any CPU
		Release|Any CPU = Release|Any CPU
	EndGlobalSection
	GlobalSection(ProjectConfigurationPlatforms) = postSolution
		{92202443-9A06-4C44-AF97-4F6498A6A234}.Debug|Any CPU.ActiveCfg = Debug|Any CPU
		{92202443-9A06-4C44-AF97-4F6498A6A234}.Debug|Any CPU.Build.0 = Debug|Any CPU
		{92202443-9A06-4C44-AF97-4F6498A6A234}.Release|Any CPU.ActiveCfg = Release|Any CPU
		{92202443-9A06-4C44-AF97-4F6498A6A234}.Release|Any CPU.Build.0 = Release|Any CPU
	EndGlobalSection
	GlobalSection(SolutionProperties) = preSolution
		HideSolutionNode = FALSE
	EndGlobalSection
	GlobalSection(ExtensibilityGlobals) = postSolution
		SolutionGuid = {1F68DFF2-86F4-4FE5-A01B-45E0EF9834CE}
	EndGlobalSection
EndGlobal
