
Microsoft Visual Studio Solution File, Format Version 12.00
# Visual Studio Version 17
VisualStudioVersion = 17.7.34302.85
MinimumVisualStudioVersion = 10.0.40219.1
Project("{FAE04EC0-301F-11D3-BF4B-00C04F79EFBC}") = "2023 Day 08", "2023 Day 08.csproj", "{065A84DB-1A9B-4157-A28E-5D850EF43536}"
EndProject
Global
	GlobalSection(SolutionConfigurationPlatforms) = preSolution
		Debug|Any CPU = Debug|Any CPU
		Release|Any CPU = Release|Any CPU
	EndGlobalSection
	GlobalSection(ProjectConfigurationPlatforms) = postSolution
		{065A84DB-1A9B-4157-A28E-5D850EF43536}.Debug|Any CPU.ActiveCfg = Debug|Any CPU
		{065A84DB-1A9B-4157-A28E-5D850EF43536}.Debug|Any CPU.Build.0 = Debug|Any CPU
		{065A84DB-1A9B-4157-A28E-5D850EF43536}.Release|Any CPU.ActiveCfg = Release|Any CPU
		{065A84DB-1A9B-4157-A28E-5D850EF43536}.Release|Any CPU.Build.0 = Release|Any CPU
	EndGlobalSection
	GlobalSection(SolutionProperties) = preSolution
		HideSolutionNode = FALSE
	EndGlobalSection
	GlobalSection(ExtensibilityGlobals) = postSolution
		SolutionGuid = {C1FAC36E-B763-4AC7-9B37-927489692A74}
	EndGlobalSection
EndGlobal
