
Microsoft Visual Studio Solution File, Format Version 12.00
# Visual Studio Version 17
VisualStudioVersion = 17.9.34902.65
MinimumVisualStudioVersion = 10.0.40219.1
Project("{FAE04EC0-301F-11D3-BF4B-00C04F79EFBC}") = "Base10Converter", "Base10Converter.csproj", "{B3773997-B6E3-4133-9FBE-9E8C04B5C6FF}"
EndProject
Global
	GlobalSection(SolutionConfigurationPlatforms) = preSolution
		Debug|Any CPU = Debug|Any CPU
		Release|Any CPU = Release|Any CPU
	EndGlobalSection
	GlobalSection(ProjectConfigurationPlatforms) = postSolution
		{B3773997-B6E3-4133-9FBE-9E8C04B5C6FF}.Debug|Any CPU.ActiveCfg = Debug|Any CPU
		{B3773997-B6E3-4133-9FBE-9E8C04B5C6FF}.Debug|Any CPU.Build.0 = Debug|Any CPU
		{B3773997-B6E3-4133-9FBE-9E8C04B5C6FF}.Release|Any CPU.ActiveCfg = Release|Any CPU
		{B3773997-B6E3-4133-9FBE-9E8C04B5C6FF}.Release|Any CPU.Build.0 = Release|Any CPU
	EndGlobalSection
	GlobalSection(SolutionProperties) = preSolution
		HideSolutionNode = FALSE
	EndGlobalSection
	GlobalSection(ExtensibilityGlobals) = postSolution
		SolutionGuid = {44E4426F-6ACC-4A44-A7C7-FE1459C8D8EF}
	EndGlobalSection
EndGlobal
