
Microsoft Visual Studio Solution File, Format Version 12.00
# Visual Studio Version 17
VisualStudioVersion = 17.7.34031.279
MinimumVisualStudioVersion = 10.0.40219.1
Project("{FAE04EC0-301F-11D3-BF4B-00C04F79EFBC}") = "2020 Day 21", "2020 Day 21.csproj", "{0E3D43FF-4138-4970-B48D-43C066484AF5}"
EndProject
Global
	GlobalSection(SolutionConfigurationPlatforms) = preSolution
		Debug|Any CPU = Debug|Any CPU
		Release|Any CPU = Release|Any CPU
	EndGlobalSection
	GlobalSection(ProjectConfigurationPlatforms) = postSolution
		{0E3D43FF-4138-4970-B48D-43C066484AF5}.Debug|Any CPU.ActiveCfg = Debug|Any CPU
		{0E3D43FF-4138-4970-B48D-43C066484AF5}.Debug|Any CPU.Build.0 = Debug|Any CPU
		{0E3D43FF-4138-4970-B48D-43C066484AF5}.Release|Any CPU.ActiveCfg = Release|Any CPU
		{0E3D43FF-4138-4970-B48D-43C066484AF5}.Release|Any CPU.Build.0 = Release|Any CPU
	EndGlobalSection
	GlobalSection(SolutionProperties) = preSolution
		HideSolutionNode = FALSE
	EndGlobalSection
	GlobalSection(ExtensibilityGlobals) = postSolution
		SolutionGuid = {1AA0100E-3766-4FC5-940A-C9130C4330AB}
	EndGlobalSection
EndGlobal
