
Microsoft Visual Studio Solution File, Format Version 12.00
# Visual Studio Version 17
VisualStudioVersion = 17.5.33424.131
MinimumVisualStudioVersion = 10.0.40219.1
Project("{9A19103F-16F7-4668-BE54-9A1E7A4F7556}") = "2016 Day 01 - Complex Numbers", "2016 Day 01 - Complex Numbers.csproj", "{AA0CA590-B89F-4E09-91F5-164DAE477FCA}"
EndProject
Project("{9A19103F-16F7-4668-BE54-9A1E7A4F7556}") = "Geometry", "..\..\Libraries\Geometry\Geometry.csproj", "{82BEF313-9AB0-40F2-A9AD-535D90538483}"
EndProject
Global
	GlobalSection(SolutionConfigurationPlatforms) = preSolution
		Debug|Any CPU = Debug|Any CPU
		Release|Any CPU = Release|Any CPU
	EndGlobalSection
	GlobalSection(ProjectConfigurationPlatforms) = postSolution
		{AA0CA590-B89F-4E09-91F5-164DAE477FCA}.Debug|Any CPU.ActiveCfg = Debug|Any CPU
		{AA0CA590-B89F-4E09-91F5-164DAE477FCA}.Debug|Any CPU.Build.0 = Debug|Any CPU
		{AA0CA590-B89F-4E09-91F5-164DAE477FCA}.Release|Any CPU.ActiveCfg = Release|Any CPU
		{AA0CA590-B89F-4E09-91F5-164DAE477FCA}.Release|Any CPU.Build.0 = Release|Any CPU
		{82BEF313-9AB0-40F2-A9AD-535D90538483}.Debug|Any CPU.ActiveCfg = Debug|Any CPU
		{82BEF313-9AB0-40F2-A9AD-535D90538483}.Debug|Any CPU.Build.0 = Debug|Any CPU
		{82BEF313-9AB0-40F2-A9AD-535D90538483}.Release|Any CPU.ActiveCfg = Release|Any CPU
		{82BEF313-9AB0-40F2-A9AD-535D90538483}.Release|Any CPU.Build.0 = Release|Any CPU
	EndGlobalSection
	GlobalSection(SolutionProperties) = preSolution
		HideSolutionNode = FALSE
	EndGlobalSection
	GlobalSection(ExtensibilityGlobals) = postSolution
		SolutionGuid = {B725CFC2-CA15-4301-AC78-1E36D2FFD977}
	EndGlobalSection
EndGlobal
