
Microsoft Visual Studio Solution File, Format Version 12.00
# Visual Studio Version 17
VisualStudioVersion = 17.10.35027.167
MinimumVisualStudioVersion = 10.0.40219.1
Project("{FAE04EC0-301F-11D3-BF4B-00C04F79EFBC}") = "TabletVM", "TabletVM.csproj", "{2787BC29-CFF6-421F-A8D1-F58263A907F0}"
EndProject
Global
	GlobalSection(SolutionConfigurationPlatforms) = preSolution
		Debug|Any CPU = Debug|Any CPU
		Release|Any CPU = Release|Any CPU
	EndGlobalSection
	GlobalSection(ProjectConfigurationPlatforms) = postSolution
		{2787BC29-CFF6-421F-A8D1-F58263A907F0}.Debug|Any CPU.ActiveCfg = Debug|Any CPU
		{2787BC29-CFF6-421F-A8D1-F58263A907F0}.Debug|Any CPU.Build.0 = Debug|Any CPU
		{2787BC29-CFF6-421F-A8D1-F58263A907F0}.Release|Any CPU.ActiveCfg = Release|Any CPU
		{2787BC29-CFF6-421F-A8D1-F58263A907F0}.Release|Any CPU.Build.0 = Release|Any CPU
	EndGlobalSection
	GlobalSection(SolutionProperties) = preSolution
		HideSolutionNode = FALSE
	EndGlobalSection
	GlobalSection(ExtensibilityGlobals) = postSolution
		SolutionGuid = {445B1DC6-A305-4FE9-B4AF-D451C14662F1}
	EndGlobalSection
EndGlobal
