
Microsoft Visual Studio Solution File, Format Version 12.00
# Visual Studio Version 17
VisualStudioVersion = 17.6.33723.286
MinimumVisualStudioVersion = 10.0.40219.1
Project("{FAE04EC0-301F-11D3-BF4B-00C04F79EFBC}") = "2020 Day 03", "2020 Day 03.csproj", "{FFA661E4-5366-4A1B-AD12-D686067C6C6A}"
EndProject
Global
	GlobalSection(SolutionConfigurationPlatforms) = preSolution
		Debug|Any CPU = Debug|Any CPU
		Release|Any CPU = Release|Any CPU
	EndGlobalSection
	GlobalSection(ProjectConfigurationPlatforms) = postSolution
		{FFA661E4-5366-4A1B-AD12-D686067C6C6A}.Debug|Any CPU.ActiveCfg = Debug|Any CPU
		{FFA661E4-5366-4A1B-AD12-D686067C6C6A}.Debug|Any CPU.Build.0 = Debug|Any CPU
		{FFA661E4-5366-4A1B-AD12-D686067C6C6A}.Release|Any CPU.ActiveCfg = Release|Any CPU
		{FFA661E4-5366-4A1B-AD12-D686067C6C6A}.Release|Any CPU.Build.0 = Release|Any CPU
	EndGlobalSection
	GlobalSection(SolutionProperties) = preSolution
		HideSolutionNode = FALSE
	EndGlobalSection
	GlobalSection(ExtensibilityGlobals) = postSolution
		SolutionGuid = {3BA4830A-5428-4FD9-A829-64008B0E1BB4}
	EndGlobalSection
EndGlobal
