
Microsoft Visual Studio Solution File, Format Version 12.00
# Visual Studio Version 17
VisualStudioVersion = 17.5.33516.290
MinimumVisualStudioVersion = 10.0.40219.1
Project("{9A19103F-16F7-4668-BE54-9A1E7A4F7556}") = "2018 Day 06", "2018 Day 06.csproj", "{2537EF10-CDB1-4278-9CAE-8F01268D0E58}"
EndProject
Project("{9A19103F-16F7-4668-BE54-9A1E7A4F7556}") = "Geometry", "..\..\Libraries\Geometry\Geometry.csproj", "{74484332-B937-465F-A4E6-C8ED97962A84}"
EndProject
Global
	GlobalSection(SolutionConfigurationPlatforms) = preSolution
		Debug|Any CPU = Debug|Any CPU
		Release|Any CPU = Release|Any CPU
	EndGlobalSection
	GlobalSection(ProjectConfigurationPlatforms) = postSolution
		{2537EF10-CDB1-4278-9CAE-8F01268D0E58}.Debug|Any CPU.ActiveCfg = Debug|Any CPU
		{2537EF10-CDB1-4278-9CAE-8F01268D0E58}.Debug|Any CPU.Build.0 = Debug|Any CPU
		{2537EF10-CDB1-4278-9CAE-8F01268D0E58}.Release|Any CPU.ActiveCfg = Release|Any CPU
		{2537EF10-CDB1-4278-9CAE-8F01268D0E58}.Release|Any CPU.Build.0 = Release|Any CPU
		{74484332-B937-465F-A4E6-C8ED97962A84}.Debug|Any CPU.ActiveCfg = Debug|Any CPU
		{74484332-B937-465F-A4E6-C8ED97962A84}.Debug|Any CPU.Build.0 = Debug|Any CPU
		{74484332-B937-465F-A4E6-C8ED97962A84}.Release|Any CPU.ActiveCfg = Release|Any CPU
		{74484332-B937-465F-A4E6-C8ED97962A84}.Release|Any CPU.Build.0 = Release|Any CPU
	EndGlobalSection
	GlobalSection(SolutionProperties) = preSolution
		HideSolutionNode = FALSE
	EndGlobalSection
	GlobalSection(ExtensibilityGlobals) = postSolution
		SolutionGuid = {ED40B697-03BF-42AC-8CF1-F0A2E2DB7EAC}
	EndGlobalSection
EndGlobal
