
Microsoft Visual Studio Solution File, Format Version 12.00
# Visual Studio Version 17
VisualStudioVersion = 17.12.35527.113 d17.12
MinimumVisualStudioVersion = 10.0.40219.1
Project("{FAE04EC0-301F-11D3-BF4B-00C04F79EFBC}") = "2024 Day 21", "2024 Day 21.csproj", "{9AAC9A27-1194-4EEA-845B-2F2587E362C2}"
EndProject
Project("{FAE04EC0-301F-11D3-BF4B-00C04F79EFBC}") = "Geometry", "..\..\Libraries\Geometry\Geometry.csproj", "{697848E6-7359-4198-9353-1DD7B1589903}"
EndProject
Global
	GlobalSection(SolutionConfigurationPlatforms) = preSolution
		Debug|Any CPU = Debug|Any CPU
		Release|Any CPU = Release|Any CPU
	EndGlobalSection
	GlobalSection(ProjectConfigurationPlatforms) = postSolution
		{9AAC9A27-1194-4EEA-845B-2F2587E362C2}.Debug|Any CPU.ActiveCfg = Debug|Any CPU
		{9AAC9A27-1194-4EEA-845B-2F2587E362C2}.Debug|Any CPU.Build.0 = Debug|Any CPU
		{9AAC9A27-1194-4EEA-845B-2F2587E362C2}.Release|Any CPU.ActiveCfg = Release|Any CPU
		{9AAC9A27-1194-4EEA-845B-2F2587E362C2}.Release|Any CPU.Build.0 = Release|Any CPU
		{697848E6-7359-4198-9353-1DD7B1589903}.Debug|Any CPU.ActiveCfg = Debug|Any CPU
		{697848E6-7359-4198-9353-1DD7B1589903}.Debug|Any CPU.Build.0 = Debug|Any CPU
		{697848E6-7359-4198-9353-1DD7B1589903}.Release|Any CPU.ActiveCfg = Release|Any CPU
		{697848E6-7359-4198-9353-1DD7B1589903}.Release|Any CPU.Build.0 = Release|Any CPU
	EndGlobalSection
	GlobalSection(SolutionProperties) = preSolution
		HideSolutionNode = FALSE
	EndGlobalSection
EndGlobal
