
Microsoft Visual Studio Solution File, Format Version 12.00
# Visual Studio Version 17
VisualStudioVersion = 17.12.35527.113
MinimumVisualStudioVersion = 10.0.40219.1
Project("{FAE04EC0-301F-11D3-BF4B-00C04F79EFBC}") = "2024 Day 15", "2024 Day 15.csproj", "{6EEA731F-5DB4-42FD-AD68-21497019D2A7}"
EndProject
Project("{FAE04EC0-301F-11D3-BF4B-00C04F79EFBC}") = "Geometry", "..\..\Libraries\Geometry\Geometry.csproj", "{733E85C7-2707-4C0A-8E1F-032BA312E222}"
EndProject
Global
	GlobalSection(SolutionConfigurationPlatforms) = preSolution
		Debug|Any CPU = Debug|Any CPU
		Release|Any CPU = Release|Any CPU
	EndGlobalSection
	GlobalSection(ProjectConfigurationPlatforms) = postSolution
		{6EEA731F-5DB4-42FD-AD68-21497019D2A7}.Debug|Any CPU.ActiveCfg = Debug|Any CPU
		{6EEA731F-5DB4-42FD-AD68-21497019D2A7}.Debug|Any CPU.Build.0 = Debug|Any CPU
		{6EEA731F-5DB4-42FD-AD68-21497019D2A7}.Release|Any CPU.ActiveCfg = Release|Any CPU
		{6EEA731F-5DB4-42FD-AD68-21497019D2A7}.Release|Any CPU.Build.0 = Release|Any CPU
		{733E85C7-2707-4C0A-8E1F-032BA312E222}.Debug|Any CPU.ActiveCfg = Debug|Any CPU
		{733E85C7-2707-4C0A-8E1F-032BA312E222}.Debug|Any CPU.Build.0 = Debug|Any CPU
		{733E85C7-2707-4C0A-8E1F-032BA312E222}.Release|Any CPU.ActiveCfg = Release|Any CPU
		{733E85C7-2707-4C0A-8E1F-032BA312E222}.Release|Any CPU.Build.0 = Release|Any CPU
	EndGlobalSection
	GlobalSection(SolutionProperties) = preSolution
		HideSolutionNode = FALSE
	EndGlobalSection
EndGlobal
