
Microsoft Visual Studio Solution File, Format Version 12.00
# Visual Studio Version 17
VisualStudioVersion = 17.6.33723.286
MinimumVisualStudioVersion = 10.0.40219.1
Project("{9A19103F-16F7-4668-BE54-9A1E7A4F7556}") = "2020 Day 14", "2020 Day 14.csproj", "{951DAC62-4A09-4084-A8DD-FCE34D0EC749}"
EndProject
Global
	GlobalSection(SolutionConfigurationPlatforms) = preSolution
		Debug|Any CPU = Debug|Any CPU
		Release|Any CPU = Release|Any CPU
	EndGlobalSection
	GlobalSection(ProjectConfigurationPlatforms) = postSolution
		{951DAC62-4A09-4084-A8DD-FCE34D0EC749}.Debug|Any CPU.ActiveCfg = Debug|Any CPU
		{951DAC62-4A09-4084-A8DD-FCE34D0EC749}.Debug|Any CPU.Build.0 = Debug|Any CPU
		{951DAC62-4A09-4084-A8DD-FCE34D0EC749}.Release|Any CPU.ActiveCfg = Release|Any CPU
		{951DAC62-4A09-4084-A8DD-FCE34D0EC749}.Release|Any CPU.Build.0 = Release|Any CPU
	EndGlobalSection
	GlobalSection(SolutionProperties) = preSolution
		HideSolutionNode = FALSE
	EndGlobalSection
	GlobalSection(ExtensibilityGlobals) = postSolution
		SolutionGuid = {328E338C-8A51-4A5C-8000-307B9F2D3B29}
	EndGlobalSection
EndGlobal
