
Microsoft Visual Studio Solution File, Format Version 12.00
# Visual Studio Version 17
VisualStudioVersion = 17.4.33213.308
MinimumVisualStudioVersion = 10.0.40219.1
Project("{FAE04EC0-301F-11D3-BF4B-00C04F79EFBC}") = "2015 Day 15", "2015 Day 15.csproj", "{A9040BBF-35A8-44B3-BAE9-ECE5BC9A8FE0}"
EndProject
Global
	GlobalSection(SolutionConfigurationPlatforms) = preSolution
		Debug|Any CPU = Debug|Any CPU
		Release|Any CPU = Release|Any CPU
	EndGlobalSection
	GlobalSection(ProjectConfigurationPlatforms) = postSolution
		{A9040BBF-35A8-44B3-BAE9-ECE5BC9A8FE0}.Debug|Any CPU.ActiveCfg = Debug|Any CPU
		{A9040BBF-35A8-44B3-BAE9-ECE5BC9A8FE0}.Debug|Any CPU.Build.0 = Debug|Any CPU
		{A9040BBF-35A8-44B3-BAE9-ECE5BC9A8FE0}.Release|Any CPU.ActiveCfg = Release|Any CPU
		{A9040BBF-35A8-44B3-BAE9-ECE5BC9A8FE0}.Release|Any CPU.Build.0 = Release|Any CPU
	EndGlobalSection
	GlobalSection(SolutionProperties) = preSolution
		HideSolutionNode = FALSE
	EndGlobalSection
	GlobalSection(ExtensibilityGlobals) = postSolution
		SolutionGuid = {CC17AA71-0027-43CB-A9DB-AE2AF493D93C}
	EndGlobalSection
EndGlobal
