
Microsoft Visual Studio Solution File, Format Version 12.00
# Visual Studio Version 17
VisualStudioVersion = 17.5.33516.290
MinimumVisualStudioVersion = 10.0.40219.1
Project("{FAE04EC0-301F-11D3-BF4B-00C04F79EFBC}") = "2018 Day 09", "2018 Day 09.csproj", "{898F7DEE-2692-4E14-B6C3-6F9A5ED181FB}"
EndProject
Global
	GlobalSection(SolutionConfigurationPlatforms) = preSolution
		Debug|Any CPU = Debug|Any CPU
		Release|Any CPU = Release|Any CPU
	EndGlobalSection
	GlobalSection(ProjectConfigurationPlatforms) = postSolution
		{898F7DEE-2692-4E14-B6C3-6F9A5ED181FB}.Debug|Any CPU.ActiveCfg = Debug|Any CPU
		{898F7DEE-2692-4E14-B6C3-6F9A5ED181FB}.Debug|Any CPU.Build.0 = Debug|Any CPU
		{898F7DEE-2692-4E14-B6C3-6F9A5ED181FB}.Release|Any CPU.ActiveCfg = Release|Any CPU
		{898F7DEE-2692-4E14-B6C3-6F9A5ED181FB}.Release|Any CPU.Build.0 = Release|Any CPU
	EndGlobalSection
	GlobalSection(SolutionProperties) = preSolution
		HideSolutionNode = FALSE
	EndGlobalSection
	GlobalSection(ExtensibilityGlobals) = postSolution
		SolutionGuid = {6AAD4F63-73FF-492D-B205-11D823E0A661}
	EndGlobalSection
EndGlobal
