
Microsoft Visual Studio Solution File, Format Version 12.00
# Visual Studio Version 17
VisualStudioVersion = 17.5.33516.290
MinimumVisualStudioVersion = 10.0.40219.1
Project("{FAE04EC0-301F-11D3-BF4B-00C04F79EFBC}") = "2017 Day 21", "2017 Day 21.csproj", "{C39897C3-AA94-4D07-8B03-7412D4EC1365}"
EndProject
Global
	GlobalSection(SolutionConfigurationPlatforms) = preSolution
		Debug|Any CPU = Debug|Any CPU
		Release|Any CPU = Release|Any CPU
	EndGlobalSection
	GlobalSection(ProjectConfigurationPlatforms) = postSolution
		{C39897C3-AA94-4D07-8B03-7412D4EC1365}.Debug|Any CPU.ActiveCfg = Debug|Any CPU
		{C39897C3-AA94-4D07-8B03-7412D4EC1365}.Debug|Any CPU.Build.0 = Debug|Any CPU
		{C39897C3-AA94-4D07-8B03-7412D4EC1365}.Release|Any CPU.ActiveCfg = Release|Any CPU
		{C39897C3-AA94-4D07-8B03-7412D4EC1365}.Release|Any CPU.Build.0 = Release|Any CPU
	EndGlobalSection
	GlobalSection(SolutionProperties) = preSolution
		HideSolutionNode = FALSE
	EndGlobalSection
	GlobalSection(ExtensibilityGlobals) = postSolution
		SolutionGuid = {18AD76B0-7026-452D-99F2-C660F2675933}
	EndGlobalSection
EndGlobal
