
Microsoft Visual Studio Solution File, Format Version 12.00
# Visual Studio Version 17
VisualStudioVersion = 17.5.33627.172
MinimumVisualStudioVersion = 10.0.40219.1
Project("{FAE04EC0-301F-11D3-BF4B-00C04F79EFBC}") = "2018 Day 24", "2018 Day 24.csproj", "{9132C663-AF3B-4EF7-B866-C922D6388BCF}"
EndProject
Global
	GlobalSection(SolutionConfigurationPlatforms) = preSolution
		Debug|Any CPU = Debug|Any CPU
		Release|Any CPU = Release|Any CPU
	EndGlobalSection
	GlobalSection(ProjectConfigurationPlatforms) = postSolution
		{9132C663-AF3B-4EF7-B866-C922D6388BCF}.Debug|Any CPU.ActiveCfg = Debug|Any CPU
		{9132C663-AF3B-4EF7-B866-C922D6388BCF}.Debug|Any CPU.Build.0 = Debug|Any CPU
		{9132C663-AF3B-4EF7-B866-C922D6388BCF}.Release|Any CPU.ActiveCfg = Release|Any CPU
		{9132C663-AF3B-4EF7-B866-C922D6388BCF}.Release|Any CPU.Build.0 = Release|Any CPU
	EndGlobalSection
	GlobalSection(SolutionProperties) = preSolution
		HideSolutionNode = FALSE
	EndGlobalSection
	GlobalSection(ExtensibilityGlobals) = postSolution
		SolutionGuid = {0AABC740-50D9-4FC7-AFF7-E9CF6E9A382D}
	EndGlobalSection
EndGlobal
