
Microsoft Visual Studio Solution File, Format Version 12.00
# Visual Studio Version 17
VisualStudioVersion = 17.14.36717.8 d17.14
MinimumVisualStudioVersion = 10.0.40219.1
Project("{FAE04EC0-301F-11D3-BF4B-00C04F79EFBC}") = "Day 02", "Day 02.csproj", "{1B9578FD-9DF6-491A-BD8C-73B02B5E3C56}"
EndProject
Global
	GlobalSection(SolutionConfigurationPlatforms) = preSolution
		Debug|Any CPU = Debug|Any CPU
		Release|Any CPU = Release|Any CPU
	EndGlobalSection
	GlobalSection(ProjectConfigurationPlatforms) = postSolution
		{1B9578FD-9DF6-491A-BD8C-73B02B5E3C56}.Debug|Any CPU.ActiveCfg = Debug|Any CPU
		{1B9578FD-9DF6-491A-BD8C-73B02B5E3C56}.Debug|Any CPU.Build.0 = Debug|Any CPU
		{1B9578FD-9DF6-491A-BD8C-73B02B5E3C56}.Release|Any CPU.ActiveCfg = Release|Any CPU
		{1B9578FD-9DF6-491A-BD8C-73B02B5E3C56}.Release|Any CPU.Build.0 = Release|Any CPU
	EndGlobalSection
	GlobalSection(SolutionProperties) = preSolution
		HideSolutionNode = FALSE
	EndGlobalSection
	GlobalSection(ExtensibilityGlobals) = postSolution
		SolutionGuid = {B8A5148B-E956-4AC9-87C4-7A920F8E6E67}
	EndGlobalSection
EndGlobal
