
Microsoft Visual Studio Solution File, Format Version 12.00
# Visual Studio Version 17
VisualStudioVersion = 17.8.34316.72
MinimumVisualStudioVersion = 10.0.40219.1
Project("{FAE04EC0-301F-11D3-BF4B-00C04F79EFBC}") = "2021 Day 15", "2021 Day 15.csproj", "{D551B6F1-3BD2-43A8-B691-689D7B8E4868}"
EndProject
Global
	GlobalSection(SolutionConfigurationPlatforms) = preSolution
		Debug|Any CPU = Debug|Any CPU
		Release|Any CPU = Release|Any CPU
	EndGlobalSection
	GlobalSection(ProjectConfigurationPlatforms) = postSolution
		{D551B6F1-3BD2-43A8-B691-689D7B8E4868}.Debug|Any CPU.ActiveCfg = Debug|Any CPU
		{D551B6F1-3BD2-43A8-B691-689D7B8E4868}.Debug|Any CPU.Build.0 = Debug|Any CPU
		{D551B6F1-3BD2-43A8-B691-689D7B8E4868}.Release|Any CPU.ActiveCfg = Release|Any CPU
		{D551B6F1-3BD2-43A8-B691-689D7B8E4868}.Release|Any CPU.Build.0 = Release|Any CPU
	EndGlobalSection
	GlobalSection(SolutionProperties) = preSolution
		HideSolutionNode = FALSE
	EndGlobalSection
	GlobalSection(ExtensibilityGlobals) = postSolution
		SolutionGuid = {5180A197-595F-4D3A-8162-315D61D8AA3C}
	EndGlobalSection
EndGlobal
