
Microsoft Visual Studio Solution File, Format Version 12.00
# Visual Studio Version 17
VisualStudioVersion = 17.12.35527.113 d17.12
MinimumVisualStudioVersion = 10.0.40219.1
Project("{FAE04EC0-301F-11D3-BF4B-00C04F79EFBC}") = "2024 Day 14", "2024 Day 14.csproj", "{9AF889FF-582A-4CCD-9D2D-4550B517C4E2}"
EndProject
Project("{FAE04EC0-301F-11D3-BF4B-00C04F79EFBC}") = "Geometry", "..\..\Libraries\Geometry\Geometry.csproj", "{62CBF496-427E-4633-994E-F5F3F043B302}"
EndProject
Global
	GlobalSection(SolutionConfigurationPlatforms) = preSolution
		Debug|Any CPU = Debug|Any CPU
		Release|Any CPU = Release|Any CPU
	EndGlobalSection
	GlobalSection(ProjectConfigurationPlatforms) = postSolution
		{9AF889FF-582A-4CCD-9D2D-4550B517C4E2}.Debug|Any CPU.ActiveCfg = Debug|Any CPU
		{9AF889FF-582A-4CCD-9D2D-4550B517C4E2}.Debug|Any CPU.Build.0 = Debug|Any CPU
		{9AF889FF-582A-4CCD-9D2D-4550B517C4E2}.Release|Any CPU.ActiveCfg = Release|Any CPU
		{9AF889FF-582A-4CCD-9D2D-4550B517C4E2}.Release|Any CPU.Build.0 = Release|Any CPU
		{62CBF496-427E-4633-994E-F5F3F043B302}.Debug|Any CPU.ActiveCfg = Debug|Any CPU
		{62CBF496-427E-4633-994E-F5F3F043B302}.Debug|Any CPU.Build.0 = Debug|Any CPU
		{62CBF496-427E-4633-994E-F5F3F043B302}.Release|Any CPU.ActiveCfg = Release|Any CPU
		{62CBF496-427E-4633-994E-F5F3F043B302}.Release|Any CPU.Build.0 = Release|Any CPU
	EndGlobalSection
	GlobalSection(SolutionProperties) = preSolution
		HideSolutionNode = FALSE
	EndGlobalSection
EndGlobal
