
Microsoft Visual Studio Solution File, Format Version 12.00
# Visual Studio Version 17
VisualStudioVersion = 17.4.33213.308
MinimumVisualStudioVersion = 10.0.40219.1
Project("{FAE04EC0-301F-11D3-BF4B-00C04F79EFBC}") = "2022 Day 2", "2022 Day 2.csproj", "{67F8CDE2-6AC8-47CA-B78A-641C3D1B8A8D}"
EndProject
Global
	GlobalSection(SolutionConfigurationPlatforms) = preSolution
		Debug|Any CPU = Debug|Any CPU
		Release|Any CPU = Release|Any CPU
	EndGlobalSection
	GlobalSection(ProjectConfigurationPlatforms) = postSolution
		{67F8CDE2-6AC8-47CA-B78A-641C3D1B8A8D}.Debug|Any CPU.ActiveCfg = Debug|Any CPU
		{67F8CDE2-6AC8-47CA-B78A-641C3D1B8A8D}.Debug|Any CPU.Build.0 = Debug|Any CPU
		{67F8CDE2-6AC8-47CA-B78A-641C3D1B8A8D}.Release|Any CPU.ActiveCfg = Release|Any CPU
		{67F8CDE2-6AC8-47CA-B78A-641C3D1B8A8D}.Release|Any CPU.Build.0 = Release|Any CPU
	EndGlobalSection
	GlobalSection(SolutionProperties) = preSolution
		HideSolutionNode = FALSE
	EndGlobalSection
	GlobalSection(ExtensibilityGlobals) = postSolution
		SolutionGuid = {2DFC2757-ACBF-4448-A7BD-1D96BD80CB95}
	EndGlobalSection
EndGlobal
