
Microsoft Visual Studio Solution File, Format Version 12.00
# Visual Studio Version 17
VisualStudioVersion = 17.6.33723.286
MinimumVisualStudioVersion = 10.0.40219.1
Project("{FAE04EC0-301F-11D3-BF4B-00C04F79EFBC}") = "2020 Day 07", "2020 Day 07.csproj", "{834AFD8D-0F75-4F0B-B3BB-DEA4A502C561}"
EndProject
Global
	GlobalSection(SolutionConfigurationPlatforms) = preSolution
		Debug|Any CPU = Debug|Any CPU
		Release|Any CPU = Release|Any CPU
	EndGlobalSection
	GlobalSection(ProjectConfigurationPlatforms) = postSolution
		{834AFD8D-0F75-4F0B-B3BB-DEA4A502C561}.Debug|Any CPU.ActiveCfg = Debug|Any CPU
		{834AFD8D-0F75-4F0B-B3BB-DEA4A502C561}.Debug|Any CPU.Build.0 = Debug|Any CPU
		{834AFD8D-0F75-4F0B-B3BB-DEA4A502C561}.Release|Any CPU.ActiveCfg = Release|Any CPU
		{834AFD8D-0F75-4F0B-B3BB-DEA4A502C561}.Release|Any CPU.Build.0 = Release|Any CPU
	EndGlobalSection
	GlobalSection(SolutionProperties) = preSolution
		HideSolutionNode = FALSE
	EndGlobalSection
	GlobalSection(ExtensibilityGlobals) = postSolution
		SolutionGuid = {3CEDE09C-49F6-4755-A438-BB8D61861567}
	EndGlobalSection
EndGlobal
