
Microsoft Visual Studio Solution File, Format Version 12.00
# Visual Studio Version 17
VisualStudioVersion = 17.4.33213.308
MinimumVisualStudioVersion = 10.0.40219.1
Project("{9A19103F-16F7-4668-BE54-9A1E7A4F7556}") = "2015 Day 09", "2015 Day 09.csproj", "{6EE2BCCB-46B9-4614-A16D-C9520C9C8880}"
EndProject
Global
	GlobalSection(SolutionConfigurationPlatforms) = preSolution
		Debug|Any CPU = Debug|Any CPU
		Release|Any CPU = Release|Any CPU
	EndGlobalSection
	GlobalSection(ProjectConfigurationPlatforms) = postSolution
		{6EE2BCCB-46B9-4614-A16D-C9520C9C8880}.Debug|Any CPU.ActiveCfg = Debug|Any CPU
		{6EE2BCCB-46B9-4614-A16D-C9520C9C8880}.Debug|Any CPU.Build.0 = Debug|Any CPU
		{6EE2BCCB-46B9-4614-A16D-C9520C9C8880}.Release|Any CPU.ActiveCfg = Release|Any CPU
		{6EE2BCCB-46B9-4614-A16D-C9520C9C8880}.Release|Any CPU.Build.0 = Release|Any CPU
	EndGlobalSection
	GlobalSection(SolutionProperties) = preSolution
		HideSolutionNode = FALSE
	EndGlobalSection
	GlobalSection(ExtensibilityGlobals) = postSolution
		SolutionGuid = {9EA77C2C-9BBC-4597-BF53-62E448FF8C1A}
	EndGlobalSection
EndGlobal
