
Microsoft Visual Studio Solution File, Format Version 12.00
# Visual Studio Version 17
VisualStudioVersion = 17.4.33403.182
MinimumVisualStudioVersion = 10.0.40219.1
Project("{FAE04EC0-301F-11D3-BF4B-00C04F79EFBC}") = "2015 Day 17", "2015 Day 17.csproj", "{CA7FC138-11BE-4C89-AF27-02C717845242}"
EndProject
Global
	GlobalSection(SolutionConfigurationPlatforms) = preSolution
		Debug|Any CPU = Debug|Any CPU
		Release|Any CPU = Release|Any CPU
	EndGlobalSection
	GlobalSection(ProjectConfigurationPlatforms) = postSolution
		{CA7FC138-11BE-4C89-AF27-02C717845242}.Debug|Any CPU.ActiveCfg = Debug|Any CPU
		{CA7FC138-11BE-4C89-AF27-02C717845242}.Debug|Any CPU.Build.0 = Debug|Any CPU
		{CA7FC138-11BE-4C89-AF27-02C717845242}.Release|Any CPU.ActiveCfg = Release|Any CPU
		{CA7FC138-11BE-4C89-AF27-02C717845242}.Release|Any CPU.Build.0 = Release|Any CPU
	EndGlobalSection
	GlobalSection(SolutionProperties) = preSolution
		HideSolutionNode = FALSE
	EndGlobalSection
	GlobalSection(ExtensibilityGlobals) = postSolution
		SolutionGuid = {24CB9F18-2E2A-48AE-A8D4-28776E036BCF}
	EndGlobalSection
EndGlobal
