
Microsoft Visual Studio Solution File, Format Version 12.00
# Visual Studio Version 17
VisualStudioVersion = 17.6.33723.286
MinimumVisualStudioVersion = 10.0.40219.1
Project("{FAE04EC0-301F-11D3-BF4B-00C04F79EFBC}") = "2020 Day 11", "2020 Day 11.csproj", "{34203C81-C5B5-4C3B-A991-547F598B0B37}"
EndProject
Global
	GlobalSection(SolutionConfigurationPlatforms) = preSolution
		Debug|Any CPU = Debug|Any CPU
		Release|Any CPU = Release|Any CPU
	EndGlobalSection
	GlobalSection(ProjectConfigurationPlatforms) = postSolution
		{34203C81-C5B5-4C3B-A991-547F598B0B37}.Debug|Any CPU.ActiveCfg = Debug|Any CPU
		{34203C81-C5B5-4C3B-A991-547F598B0B37}.Debug|Any CPU.Build.0 = Debug|Any CPU
		{34203C81-C5B5-4C3B-A991-547F598B0B37}.Release|Any CPU.ActiveCfg = Release|Any CPU
		{34203C81-C5B5-4C3B-A991-547F598B0B37}.Release|Any CPU.Build.0 = Release|Any CPU
	EndGlobalSection
	GlobalSection(SolutionProperties) = preSolution
		HideSolutionNode = FALSE
	EndGlobalSection
	GlobalSection(ExtensibilityGlobals) = postSolution
		SolutionGuid = {A5136A37-CE01-4A2B-83C7-0ACA2F9BB980}
	EndGlobalSection
EndGlobal
