
Microsoft Visual Studio Solution File, Format Version 12.00
# Visual Studio Version 17
VisualStudioVersion = 17.4.33213.308
MinimumVisualStudioVersion = 10.0.40219.1
Project("{FAE04EC0-301F-11D3-BF4B-00C04F79EFBC}") = "2022 Day 19", "2022 Day 19.csproj", "{3C46DFD8-95C4-4644-B1F1-4700829124D7}"
EndProject
Global
	GlobalSection(SolutionConfigurationPlatforms) = preSolution
		Debug|Any CPU = Debug|Any CPU
		Release|Any CPU = Release|Any CPU
	EndGlobalSection
	GlobalSection(ProjectConfigurationPlatforms) = postSolution
		{3C46DFD8-95C4-4644-B1F1-4700829124D7}.Debug|Any CPU.ActiveCfg = Debug|Any CPU
		{3C46DFD8-95C4-4644-B1F1-4700829124D7}.Debug|Any CPU.Build.0 = Debug|Any CPU
		{3C46DFD8-95C4-4644-B1F1-4700829124D7}.Release|Any CPU.ActiveCfg = Release|Any CPU
		{3C46DFD8-95C4-4644-B1F1-4700829124D7}.Release|Any CPU.Build.0 = Release|Any CPU
	EndGlobalSection
	GlobalSection(SolutionProperties) = preSolution
		HideSolutionNode = FALSE
	EndGlobalSection
	GlobalSection(ExtensibilityGlobals) = postSolution
		SolutionGuid = {216DB8CF-0CA9-496E-8E24-C2E30280BAD5}
	EndGlobalSection
EndGlobal
