
Microsoft Visual Studio Solution File, Format Version 12.00
# Visual Studio Version 17
VisualStudioVersion = 17.5.33424.131
MinimumVisualStudioVersion = 10.0.40219.1
Project("{FAE04EC0-301F-11D3-BF4B-00C04F79EFBC}") = "2016 Day 07", "2016 Day 07.csproj", "{95E12D44-8912-438E-8630-EAEE7EE2BE47}"
EndProject
Global
	GlobalSection(SolutionConfigurationPlatforms) = preSolution
		Debug|Any CPU = Debug|Any CPU
		Release|Any CPU = Release|Any CPU
	EndGlobalSection
	GlobalSection(ProjectConfigurationPlatforms) = postSolution
		{95E12D44-8912-438E-8630-EAEE7EE2BE47}.Debug|Any CPU.ActiveCfg = Debug|Any CPU
		{95E12D44-8912-438E-8630-EAEE7EE2BE47}.Debug|Any CPU.Build.0 = Debug|Any CPU
		{95E12D44-8912-438E-8630-EAEE7EE2BE47}.Release|Any CPU.ActiveCfg = Release|Any CPU
		{95E12D44-8912-438E-8630-EAEE7EE2BE47}.Release|Any CPU.Build.0 = Release|Any CPU
	EndGlobalSection
	GlobalSection(SolutionProperties) = preSolution
		HideSolutionNode = FALSE
	EndGlobalSection
	GlobalSection(ExtensibilityGlobals) = postSolution
		SolutionGuid = {4B0760A7-0B9A-447A-BBCC-4918EF627832}
	EndGlobalSection
EndGlobal
