
Microsoft Visual Studio Solution File, Format Version 12.00
# Visual Studio Version 17
VisualStudioVersion = 17.9.34728.123
MinimumVisualStudioVersion = 10.0.40219.1
Project("{FAE04EC0-301F-11D3-BF4B-00C04F79EFBC}") = "2021 Day 23", "2021 Day 23.csproj", "{F2197E46-1D86-4227-96AD-98AD9293726D}"
EndProject
Global
	GlobalSection(SolutionConfigurationPlatforms) = preSolution
		Debug|Any CPU = Debug|Any CPU
		Release|Any CPU = Release|Any CPU
	EndGlobalSection
	GlobalSection(ProjectConfigurationPlatforms) = postSolution
		{F2197E46-1D86-4227-96AD-98AD9293726D}.Debug|Any CPU.ActiveCfg = Debug|Any CPU
		{F2197E46-1D86-4227-96AD-98AD9293726D}.Debug|Any CPU.Build.0 = Debug|Any CPU
		{F2197E46-1D86-4227-96AD-98AD9293726D}.Release|Any CPU.ActiveCfg = Release|Any CPU
		{F2197E46-1D86-4227-96AD-98AD9293726D}.Release|Any CPU.Build.0 = Release|Any CPU
	EndGlobalSection
	GlobalSection(SolutionProperties) = preSolution
		HideSolutionNode = FALSE
	EndGlobalSection
	GlobalSection(ExtensibilityGlobals) = postSolution
		SolutionGuid = {F4D0D988-A146-4AEE-A324-350797C45682}
	EndGlobalSection
EndGlobal
