
Microsoft Visual Studio Solution File, Format Version 12.00
# Visual Studio Version 17
VisualStudioVersion = 17.5.33530.505
MinimumVisualStudioVersion = 10.0.40219.1
Project("{9A19103F-16F7-4668-BE54-9A1E7A4F7556}") = "2018 Day 11", "2018 Day 11.csproj", "{19D5548F-2732-4175-B411-77FAB4A95427}"
EndProject
Project("{9A19103F-16F7-4668-BE54-9A1E7A4F7556}") = "Geometry", "..\..\Libraries\Geometry\Geometry.csproj", "{2E5E9F10-2F7B-41F0-B959-B5B7853BD04F}"
EndProject
Global
	GlobalSection(SolutionConfigurationPlatforms) = preSolution
		Debug|Any CPU = Debug|Any CPU
		Release|Any CPU = Release|Any CPU
	EndGlobalSection
	GlobalSection(ProjectConfigurationPlatforms) = postSolution
		{19D5548F-2732-4175-B411-77FAB4A95427}.Debug|Any CPU.ActiveCfg = Debug|Any CPU
		{19D5548F-2732-4175-B411-77FAB4A95427}.Debug|Any CPU.Build.0 = Debug|Any CPU
		{19D5548F-2732-4175-B411-77FAB4A95427}.Release|Any CPU.ActiveCfg = Release|Any CPU
		{19D5548F-2732-4175-B411-77FAB4A95427}.Release|Any CPU.Build.0 = Release|Any CPU
		{2E5E9F10-2F7B-41F0-B959-B5B7853BD04F}.Debug|Any CPU.ActiveCfg = Debug|Any CPU
		{2E5E9F10-2F7B-41F0-B959-B5B7853BD04F}.Debug|Any CPU.Build.0 = Debug|Any CPU
		{2E5E9F10-2F7B-41F0-B959-B5B7853BD04F}.Release|Any CPU.ActiveCfg = Release|Any CPU
		{2E5E9F10-2F7B-41F0-B959-B5B7853BD04F}.Release|Any CPU.Build.0 = Release|Any CPU
	EndGlobalSection
	GlobalSection(SolutionProperties) = preSolution
		HideSolutionNode = FALSE
	EndGlobalSection
	GlobalSection(ExtensibilityGlobals) = postSolution
		SolutionGuid = {95240C3B-CF7D-454C-A758-22F651FCB666}
	EndGlobalSection
EndGlobal
