
Microsoft Visual Studio Solution File, Format Version 12.00
# Visual Studio Version 17
VisualStudioVersion = 17.4.33213.308
MinimumVisualStudioVersion = 10.0.40219.1
Project("{FAE04EC0-301F-11D3-BF4B-00C04F79EFBC}") = "2022 Day 20", "2022 Day 20.csproj", "{B6CA9B19-D167-4CC4-9FA5-6910F28325C0}"
EndProject
Global
	GlobalSection(SolutionConfigurationPlatforms) = preSolution
		Debug|Any CPU = Debug|Any CPU
		Release|Any CPU = Release|Any CPU
	EndGlobalSection
	GlobalSection(ProjectConfigurationPlatforms) = postSolution
		{B6CA9B19-D167-4CC4-9FA5-6910F28325C0}.Debug|Any CPU.ActiveCfg = Debug|Any CPU
		{B6CA9B19-D167-4CC4-9FA5-6910F28325C0}.Debug|Any CPU.Build.0 = Debug|Any CPU
		{B6CA9B19-D167-4CC4-9FA5-6910F28325C0}.Release|Any CPU.ActiveCfg = Release|Any CPU
		{B6CA9B19-D167-4CC4-9FA5-6910F28325C0}.Release|Any CPU.Build.0 = Release|Any CPU
	EndGlobalSection
	GlobalSection(SolutionProperties) = preSolution
		HideSolutionNode = FALSE
	EndGlobalSection
	GlobalSection(ExtensibilityGlobals) = postSolution
		SolutionGuid = {B2AFF5DA-321D-46D5-AE88-2D90455401D4}
	EndGlobalSection
EndGlobal
