
Microsoft Visual Studio Solution File, Format Version 12.00
# Visual Studio Version 17
VisualStudioVersion = 17.4.33213.308
MinimumVisualStudioVersion = 10.0.40219.1
Project("{FAE04EC0-301F-11D3-BF4B-00C04F79EFBC}") = "2015 Day 11", "2015 Day 11.csproj", "{7B053EBF-1AF5-4940-8FC6-E63C51A227AA}"
EndProject
Global
	GlobalSection(SolutionConfigurationPlatforms) = preSolution
		Debug|Any CPU = Debug|Any CPU
		Release|Any CPU = Release|Any CPU
	EndGlobalSection
	GlobalSection(ProjectConfigurationPlatforms) = postSolution
		{7B053EBF-1AF5-4940-8FC6-E63C51A227AA}.Debug|Any CPU.ActiveCfg = Debug|Any CPU
		{7B053EBF-1AF5-4940-8FC6-E63C51A227AA}.Debug|Any CPU.Build.0 = Debug|Any CPU
		{7B053EBF-1AF5-4940-8FC6-E63C51A227AA}.Release|Any CPU.ActiveCfg = Release|Any CPU
		{7B053EBF-1AF5-4940-8FC6-E63C51A227AA}.Release|Any CPU.Build.0 = Release|Any CPU
	EndGlobalSection
	GlobalSection(SolutionProperties) = preSolution
		HideSolutionNode = FALSE
	EndGlobalSection
	GlobalSection(ExtensibilityGlobals) = postSolution
		SolutionGuid = {230FCCE0-97D4-46DB-8612-B6FD8737FE31}
	EndGlobalSection
EndGlobal
