
Microsoft Visual Studio Solution File, Format Version 12.00
# Visual Studio Version 17
VisualStudioVersion = 17.4.33213.308
MinimumVisualStudioVersion = 10.0.40219.1
Project("{9A19103F-16F7-4668-BE54-9A1E7A4F7556}") = "2015 Day 11", "2015 Day 11.csproj", "{7B053EBF-1AF5-4940-8FC6-E63C51A227AA}"
EndProject
Project("{9A19103F-16F7-4668-BE54-9A1E7A4F7556}") = "Base10Converter", "..\..\Libraries\Base10Converter\Base10Converter.csproj", "{0EBAD1FD-FD24-4D29-8908-5976E5B79FE8}"
EndProject
Global
	GlobalSection(SolutionConfigurationPlatforms) = preSolution
		Debug|Any CPU = Debug|Any CPU
		Release|Any CPU = Release|Any CPU
	EndGlobalSection
	GlobalSection(ProjectConfigurationPlatforms) = postSolution
		{7B053EBF-1AF5-4940-8FC6-E63C51A227AA}.Debug|Any CPU.ActiveCfg = Debug|Any CPU
		{7B053EBF-1AF5-4940-8FC6-E63C51A227AA}.Debug|Any CPU.Build.0 = Debug|Any CPU
		{7B053EBF-1AF5-4940-8FC6-E63C51A227AA}.Release|Any CPU.ActiveCfg = Release|Any CPU
		{7B053EBF-1AF5-4940-8FC6-E63C51A227AA}.Release|Any CPU.Build.0 = Release|Any CPU
		{0EBAD1FD-FD24-4D29-8908-5976E5B79FE8}.Debug|Any CPU.ActiveCfg = Debug|Any CPU
		{0EBAD1FD-FD24-4D29-8908-5976E5B79FE8}.Debug|Any CPU.Build.0 = Debug|Any CPU
		{0EBAD1FD-FD24-4D29-8908-5976E5B79FE8}.Release|Any CPU.ActiveCfg = Release|Any CPU
		{0EBAD1FD-FD24-4D29-8908-5976E5B79FE8}.Release|Any CPU.Build.0 = Release|Any CPU
	EndGlobalSection
	GlobalSection(SolutionProperties) = preSolution
		HideSolutionNode = FALSE
	EndGlobalSection
	GlobalSection(ExtensibilityGlobals) = postSolution
		SolutionGuid = {230FCCE0-97D4-46DB-8612-B6FD8737FE31}
	EndGlobalSection
EndGlobal
