
Microsoft Visual Studio Solution File, Format Version 12.00
# Visual Studio Version 17
VisualStudioVersion = 17.5.33627.172
MinimumVisualStudioVersion = 10.0.40219.1
Project("{FAE04EC0-301F-11D3-BF4B-00C04F79EFBC}") = "2019 Day 07", "2019 Day 07.csproj", "{F0FC206D-C3C5-4AC4-9E4A-24430307AAE9}"
EndProject
Global
	GlobalSection(SolutionConfigurationPlatforms) = preSolution
		Debug|Any CPU = Debug|Any CPU
		Release|Any CPU = Release|Any CPU
	EndGlobalSection
	GlobalSection(ProjectConfigurationPlatforms) = postSolution
		{F0FC206D-C3C5-4AC4-9E4A-24430307AAE9}.Debug|Any CPU.ActiveCfg = Debug|Any CPU
		{F0FC206D-C3C5-4AC4-9E4A-24430307AAE9}.Debug|Any CPU.Build.0 = Debug|Any CPU
		{F0FC206D-C3C5-4AC4-9E4A-24430307AAE9}.Release|Any CPU.ActiveCfg = Release|Any CPU
		{F0FC206D-C3C5-4AC4-9E4A-24430307AAE9}.Release|Any CPU.Build.0 = Release|Any CPU
	EndGlobalSection
	GlobalSection(SolutionProperties) = preSolution
		HideSolutionNode = FALSE
	EndGlobalSection
	GlobalSection(ExtensibilityGlobals) = postSolution
		SolutionGuid = {FFBD3284-11B6-431A-9306-A4F459ED5683}
	EndGlobalSection
EndGlobal
