
Microsoft Visual Studio Solution File, Format Version 12.00
# Visual Studio Version 17
VisualStudioVersion = 17.4.33213.308
MinimumVisualStudioVersion = 10.0.40219.1
Project("{FAE04EC0-301F-11D3-BF4B-00C04F79EFBC}") = "2022 Day 3", "2022 Day 3.csproj", "{B15C5F8D-29AA-4575-A849-667A4330D127}"
EndProject
Global
	GlobalSection(SolutionConfigurationPlatforms) = preSolution
		Debug|Any CPU = Debug|Any CPU
		Release|Any CPU = Release|Any CPU
	EndGlobalSection
	GlobalSection(ProjectConfigurationPlatforms) = postSolution
		{B15C5F8D-29AA-4575-A849-667A4330D127}.Debug|Any CPU.ActiveCfg = Debug|Any CPU
		{B15C5F8D-29AA-4575-A849-667A4330D127}.Debug|Any CPU.Build.0 = Debug|Any CPU
		{B15C5F8D-29AA-4575-A849-667A4330D127}.Release|Any CPU.ActiveCfg = Release|Any CPU
		{B15C5F8D-29AA-4575-A849-667A4330D127}.Release|Any CPU.Build.0 = Release|Any CPU
	EndGlobalSection
	GlobalSection(SolutionProperties) = preSolution
		HideSolutionNode = FALSE
	EndGlobalSection
	GlobalSection(ExtensibilityGlobals) = postSolution
		SolutionGuid = {FBB09F64-BC3B-46EE-8A0F-E8FADEAF5EB3}
	EndGlobalSection
EndGlobal
