
Microsoft Visual Studio Solution File, Format Version 12.00
# Visual Studio Version 17
VisualStudioVersion = 17.12.35527.113 d17.12
MinimumVisualStudioVersion = 10.0.40219.1
Project("{FAE04EC0-301F-11D3-BF4B-00C04F79EFBC}") = "2024 Day 20", "2024 Day 20.csproj", "{076FA6FC-A0E0-48B2-9EBE-B3D52DA6B24E}"
EndProject
Project("{FAE04EC0-301F-11D3-BF4B-00C04F79EFBC}") = "Geometry", "..\..\Libraries\Geometry\Geometry.csproj", "{6AAD422B-06B9-4A3F-957E-7B0C7D46B521}"
EndProject
Global
	GlobalSection(SolutionConfigurationPlatforms) = preSolution
		Debug|Any CPU = Debug|Any CPU
		Release|Any CPU = Release|Any CPU
	EndGlobalSection
	GlobalSection(ProjectConfigurationPlatforms) = postSolution
		{076FA6FC-A0E0-48B2-9EBE-B3D52DA6B24E}.Debug|Any CPU.ActiveCfg = Debug|Any CPU
		{076FA6FC-A0E0-48B2-9EBE-B3D52DA6B24E}.Debug|Any CPU.Build.0 = Debug|Any CPU
		{076FA6FC-A0E0-48B2-9EBE-B3D52DA6B24E}.Release|Any CPU.ActiveCfg = Release|Any CPU
		{076FA6FC-A0E0-48B2-9EBE-B3D52DA6B24E}.Release|Any CPU.Build.0 = Release|Any CPU
		{6AAD422B-06B9-4A3F-957E-7B0C7D46B521}.Debug|Any CPU.ActiveCfg = Debug|Any CPU
		{6AAD422B-06B9-4A3F-957E-7B0C7D46B521}.Debug|Any CPU.Build.0 = Debug|Any CPU
		{6AAD422B-06B9-4A3F-957E-7B0C7D46B521}.Release|Any CPU.ActiveCfg = Release|Any CPU
		{6AAD422B-06B9-4A3F-957E-7B0C7D46B521}.Release|Any CPU.Build.0 = Release|Any CPU
	EndGlobalSection
	GlobalSection(SolutionProperties) = preSolution
		HideSolutionNode = FALSE
	EndGlobalSection
EndGlobal
