
Microsoft Visual Studio Solution File, Format Version 12.00
# Visual Studio Version 17
VisualStudioVersion = 17.5.33516.290
MinimumVisualStudioVersion = 10.0.40219.1
Project("{9A19103F-16F7-4668-BE54-9A1E7A4F7556}") = "2017 Day 10", "2017 Day 10.csproj", "{00ECC311-0197-47F2-BA4C-A25B3F395407}"
EndProject
Project("{9A19103F-16F7-4668-BE54-9A1E7A4F7556}") = "KnotHash", "..\2017 Libs\KnotHash\KnotHash.csproj", "{94495715-7592-452D-B460-54FA2C85D64D}"
EndProject
Global
	GlobalSection(SolutionConfigurationPlatforms) = preSolution
		Debug|Any CPU = Debug|Any CPU
		Release|Any CPU = Release|Any CPU
	EndGlobalSection
	GlobalSection(ProjectConfigurationPlatforms) = postSolution
		{00ECC311-0197-47F2-BA4C-A25B3F395407}.Debug|Any CPU.ActiveCfg = Debug|Any CPU
		{00ECC311-0197-47F2-BA4C-A25B3F395407}.Debug|Any CPU.Build.0 = Debug|Any CPU
		{00ECC311-0197-47F2-BA4C-A25B3F395407}.Release|Any CPU.ActiveCfg = Release|Any CPU
		{00ECC311-0197-47F2-BA4C-A25B3F395407}.Release|Any CPU.Build.0 = Release|Any CPU
		{94495715-7592-452D-B460-54FA2C85D64D}.Debug|Any CPU.ActiveCfg = Debug|Any CPU
		{94495715-7592-452D-B460-54FA2C85D64D}.Debug|Any CPU.Build.0 = Debug|Any CPU
		{94495715-7592-452D-B460-54FA2C85D64D}.Release|Any CPU.ActiveCfg = Release|Any CPU
		{94495715-7592-452D-B460-54FA2C85D64D}.Release|Any CPU.Build.0 = Release|Any CPU
	EndGlobalSection
	GlobalSection(SolutionProperties) = preSolution
		HideSolutionNode = FALSE
	EndGlobalSection
	GlobalSection(ExtensibilityGlobals) = postSolution
		SolutionGuid = {556F4D7E-9ADD-47E0-B560-1CC16C3D023A}
	EndGlobalSection
EndGlobal
