
Microsoft Visual Studio Solution File, Format Version 12.00
# Visual Studio Version 17
VisualStudioVersion = 17.5.33516.290
MinimumVisualStudioVersion = 10.0.40219.1
Project("{FAE04EC0-301F-11D3-BF4B-00C04F79EFBC}") = "2018 Day 08", "2018 Day 08.csproj", "{8619C617-4F54-419C-ADDC-F379292611F6}"
EndProject
Global
	GlobalSection(SolutionConfigurationPlatforms) = preSolution
		Debug|Any CPU = Debug|Any CPU
		Release|Any CPU = Release|Any CPU
	EndGlobalSection
	GlobalSection(ProjectConfigurationPlatforms) = postSolution
		{8619C617-4F54-419C-ADDC-F379292611F6}.Debug|Any CPU.ActiveCfg = Debug|Any CPU
		{8619C617-4F54-419C-ADDC-F379292611F6}.Debug|Any CPU.Build.0 = Debug|Any CPU
		{8619C617-4F54-419C-ADDC-F379292611F6}.Release|Any CPU.ActiveCfg = Release|Any CPU
		{8619C617-4F54-419C-ADDC-F379292611F6}.Release|Any CPU.Build.0 = Release|Any CPU
	EndGlobalSection
	GlobalSection(SolutionProperties) = preSolution
		HideSolutionNode = FALSE
	EndGlobalSection
	GlobalSection(ExtensibilityGlobals) = postSolution
		SolutionGuid = {091B4CA0-8D42-49DE-BE0F-4BC25ADEF56C}
	EndGlobalSection
EndGlobal
