
Microsoft Visual Studio Solution File, Format Version 12.00
# Visual Studio Version 17
VisualStudioVersion = 17.11.35431.28
MinimumVisualStudioVersion = 10.0.40219.1
Project("{FAE04EC0-301F-11D3-BF4B-00C04F79EFBC}") = "2024 Day 18", "2024 Day 18.csproj", "{270CACF2-6F97-460D-B2F5-0D5E6401140C}"
EndProject
Project("{9A19103F-16F7-4668-BE54-9A1E7A4F7556}") = "Map", "..\..\Libraries\Map\Map.csproj", "{B7BBB2F9-1DE4-4B0B-BC94-30DB77354D6F}"
EndProject
Global
	GlobalSection(SolutionConfigurationPlatforms) = preSolution
		Debug|Any CPU = Debug|Any CPU
		Release|Any CPU = Release|Any CPU
	EndGlobalSection
	GlobalSection(ProjectConfigurationPlatforms) = postSolution
		{270CACF2-6F97-460D-B2F5-0D5E6401140C}.Debug|Any CPU.ActiveCfg = Debug|Any CPU
		{270CACF2-6F97-460D-B2F5-0D5E6401140C}.Debug|Any CPU.Build.0 = Debug|Any CPU
		{270CACF2-6F97-460D-B2F5-0D5E6401140C}.Release|Any CPU.ActiveCfg = Release|Any CPU
		{270CACF2-6F97-460D-B2F5-0D5E6401140C}.Release|Any CPU.Build.0 = Release|Any CPU
		{B7BBB2F9-1DE4-4B0B-BC94-30DB77354D6F}.Debug|Any CPU.ActiveCfg = Debug|Any CPU
		{B7BBB2F9-1DE4-4B0B-BC94-30DB77354D6F}.Debug|Any CPU.Build.0 = Debug|Any CPU
		{B7BBB2F9-1DE4-4B0B-BC94-30DB77354D6F}.Release|Any CPU.ActiveCfg = Release|Any CPU
		{B7BBB2F9-1DE4-4B0B-BC94-30DB77354D6F}.Release|Any CPU.Build.0 = Release|Any CPU
	EndGlobalSection
	GlobalSection(SolutionProperties) = preSolution
		HideSolutionNode = FALSE
	EndGlobalSection
	GlobalSection(ExtensibilityGlobals) = postSolution
		SolutionGuid = {4948B5E5-6435-4DF4-A5CB-8EF573252C82}
	EndGlobalSection
EndGlobal
