
Microsoft Visual Studio Solution File, Format Version 12.00
# Visual Studio Version 17
VisualStudioVersion = 17.4.33403.182
MinimumVisualStudioVersion = 10.0.40219.1
Project("{FAE04EC0-301F-11D3-BF4B-00C04F79EFBC}") = "2015 Day 23", "2015 Day 23.csproj", "{C06D3D1F-FBA0-4F94-99A3-6806F867C968}"
EndProject
Global
	GlobalSection(SolutionConfigurationPlatforms) = preSolution
		Debug|Any CPU = Debug|Any CPU
		Release|Any CPU = Release|Any CPU
	EndGlobalSection
	GlobalSection(ProjectConfigurationPlatforms) = postSolution
		{C06D3D1F-FBA0-4F94-99A3-6806F867C968}.Debug|Any CPU.ActiveCfg = Debug|Any CPU
		{C06D3D1F-FBA0-4F94-99A3-6806F867C968}.Debug|Any CPU.Build.0 = Debug|Any CPU
		{C06D3D1F-FBA0-4F94-99A3-6806F867C968}.Release|Any CPU.ActiveCfg = Release|Any CPU
		{C06D3D1F-FBA0-4F94-99A3-6806F867C968}.Release|Any CPU.Build.0 = Release|Any CPU
	EndGlobalSection
	GlobalSection(SolutionProperties) = preSolution
		HideSolutionNode = FALSE
	EndGlobalSection
	GlobalSection(ExtensibilityGlobals) = postSolution
		SolutionGuid = {E34180BD-4F60-465D-8C0C-1F7E53E644E5}
	EndGlobalSection
EndGlobal
