
Microsoft Visual Studio Solution File, Format Version 12.00
# Visual Studio Version 17
VisualStudioVersion = 17.5.33516.290
MinimumVisualStudioVersion = 10.0.40219.1
Project("{9A19103F-16F7-4668-BE54-9A1E7A4F7556}") = "2018 Day 03", "2018 Day 03.csproj", "{B2492C7A-3F76-4965-9446-4D25D0ED02CC}"
EndProject
Project("{9A19103F-16F7-4668-BE54-9A1E7A4F7556}") = "Geometry", "..\..\Libraries\Geometry\Geometry.csproj", "{1B7C6B12-0B69-4859-AA67-28B0419A4B7A}"
EndProject
Global
	GlobalSection(SolutionConfigurationPlatforms) = preSolution
		Debug|Any CPU = Debug|Any CPU
		Release|Any CPU = Release|Any CPU
	EndGlobalSection
	GlobalSection(ProjectConfigurationPlatforms) = postSolution
		{B2492C7A-3F76-4965-9446-4D25D0ED02CC}.Debug|Any CPU.ActiveCfg = Debug|Any CPU
		{B2492C7A-3F76-4965-9446-4D25D0ED02CC}.Debug|Any CPU.Build.0 = Debug|Any CPU
		{B2492C7A-3F76-4965-9446-4D25D0ED02CC}.Release|Any CPU.ActiveCfg = Release|Any CPU
		{B2492C7A-3F76-4965-9446-4D25D0ED02CC}.Release|Any CPU.Build.0 = Release|Any CPU
		{1B7C6B12-0B69-4859-AA67-28B0419A4B7A}.Debug|Any CPU.ActiveCfg = Debug|Any CPU
		{1B7C6B12-0B69-4859-AA67-28B0419A4B7A}.Debug|Any CPU.Build.0 = Debug|Any CPU
		{1B7C6B12-0B69-4859-AA67-28B0419A4B7A}.Release|Any CPU.ActiveCfg = Release|Any CPU
		{1B7C6B12-0B69-4859-AA67-28B0419A4B7A}.Release|Any CPU.Build.0 = Release|Any CPU
	EndGlobalSection
	GlobalSection(SolutionProperties) = preSolution
		HideSolutionNode = FALSE
	EndGlobalSection
	GlobalSection(ExtensibilityGlobals) = postSolution
		SolutionGuid = {58198769-BF4D-42C1-8D92-5477E50B5DE6}
	EndGlobalSection
EndGlobal
