
Microsoft Visual Studio Solution File, Format Version 12.00
# Visual Studio Version 17
VisualStudioVersion = 17.4.33213.308
MinimumVisualStudioVersion = 10.0.40219.1
Project("{FAE04EC0-301F-11D3-BF4B-00C04F79EFBC}") = "2015 Day 7", "2015 Day 7.csproj", "{30BFEDBF-DF23-4508-9EA9-327AA5FE3DA1}"
EndProject
Global
	GlobalSection(SolutionConfigurationPlatforms) = preSolution
		Debug|Any CPU = Debug|Any CPU
		Release|Any CPU = Release|Any CPU
	EndGlobalSection
	GlobalSection(ProjectConfigurationPlatforms) = postSolution
		{30BFEDBF-DF23-4508-9EA9-327AA5FE3DA1}.Debug|Any CPU.ActiveCfg = Debug|Any CPU
		{30BFEDBF-DF23-4508-9EA9-327AA5FE3DA1}.Debug|Any CPU.Build.0 = Debug|Any CPU
		{30BFEDBF-DF23-4508-9EA9-327AA5FE3DA1}.Release|Any CPU.ActiveCfg = Release|Any CPU
		{30BFEDBF-DF23-4508-9EA9-327AA5FE3DA1}.Release|Any CPU.Build.0 = Release|Any CPU
	EndGlobalSection
	GlobalSection(SolutionProperties) = preSolution
		HideSolutionNode = FALSE
	EndGlobalSection
	GlobalSection(ExtensibilityGlobals) = postSolution
		SolutionGuid = {06DF9A1F-4BB0-45B3-8BCD-ABB6B1157367}
	EndGlobalSection
EndGlobal
