
Microsoft Visual Studio Solution File, Format Version 12.00
# Visual Studio Version 17
VisualStudioVersion = 17.4.33213.308
MinimumVisualStudioVersion = 10.0.40219.1
Project("{FAE04EC0-301F-11D3-BF4B-00C04F79EFBC}") = "2022 Day 14", "2022 Day 14.csproj", "{8CB1A2C5-883B-4AEA-818A-B0BF9D5AE46F}"
EndProject
Global
	GlobalSection(SolutionConfigurationPlatforms) = preSolution
		Debug|Any CPU = Debug|Any CPU
		Release|Any CPU = Release|Any CPU
	EndGlobalSection
	GlobalSection(ProjectConfigurationPlatforms) = postSolution
		{8CB1A2C5-883B-4AEA-818A-B0BF9D5AE46F}.Debug|Any CPU.ActiveCfg = Debug|Any CPU
		{8CB1A2C5-883B-4AEA-818A-B0BF9D5AE46F}.Debug|Any CPU.Build.0 = Debug|Any CPU
		{8CB1A2C5-883B-4AEA-818A-B0BF9D5AE46F}.Release|Any CPU.ActiveCfg = Release|Any CPU
		{8CB1A2C5-883B-4AEA-818A-B0BF9D5AE46F}.Release|Any CPU.Build.0 = Release|Any CPU
	EndGlobalSection
	GlobalSection(SolutionProperties) = preSolution
		HideSolutionNode = FALSE
	EndGlobalSection
	GlobalSection(ExtensibilityGlobals) = postSolution
		SolutionGuid = {14803BEF-FA8F-4EF8-90F1-064633408078}
	EndGlobalSection
EndGlobal
