
Microsoft Visual Studio Solution File, Format Version 12.00
# Visual Studio Version 17
VisualStudioVersion = 17.5.33502.453
MinimumVisualStudioVersion = 10.0.40219.1
Project("{FAE04EC0-301F-11D3-BF4B-00C04F79EFBC}") = "2016 Day 19", "2016 Day 19.csproj", "{B6D11BE7-0B01-41D3-8557-5BF7798B7743}"
EndProject
Global
	GlobalSection(SolutionConfigurationPlatforms) = preSolution
		Debug|Any CPU = Debug|Any CPU
		Release|Any CPU = Release|Any CPU
	EndGlobalSection
	GlobalSection(ProjectConfigurationPlatforms) = postSolution
		{B6D11BE7-0B01-41D3-8557-5BF7798B7743}.Debug|Any CPU.ActiveCfg = Debug|Any CPU
		{B6D11BE7-0B01-41D3-8557-5BF7798B7743}.Debug|Any CPU.Build.0 = Debug|Any CPU
		{B6D11BE7-0B01-41D3-8557-5BF7798B7743}.Release|Any CPU.ActiveCfg = Release|Any CPU
		{B6D11BE7-0B01-41D3-8557-5BF7798B7743}.Release|Any CPU.Build.0 = Release|Any CPU
	EndGlobalSection
	GlobalSection(SolutionProperties) = preSolution
		HideSolutionNode = FALSE
	EndGlobalSection
	GlobalSection(ExtensibilityGlobals) = postSolution
		SolutionGuid = {E2C22F9A-FD6A-41FE-A241-0F9DF5FA3B29}
	EndGlobalSection
EndGlobal
