
Microsoft Visual Studio Solution File, Format Version 12.00
# Visual Studio Version 17
VisualStudioVersion = 17.5.33424.131
MinimumVisualStudioVersion = 10.0.40219.1
Project("{FAE04EC0-301F-11D3-BF4B-00C04F79EFBC}") = "2016 Day 09", "2016 Day 09.csproj", "{BDE33B23-DA40-4112-8FAE-9B899EFBD02D}"
EndProject
Global
	GlobalSection(SolutionConfigurationPlatforms) = preSolution
		Debug|Any CPU = Debug|Any CPU
		Release|Any CPU = Release|Any CPU
	EndGlobalSection
	GlobalSection(ProjectConfigurationPlatforms) = postSolution
		{BDE33B23-DA40-4112-8FAE-9B899EFBD02D}.Debug|Any CPU.ActiveCfg = Debug|Any CPU
		{BDE33B23-DA40-4112-8FAE-9B899EFBD02D}.Debug|Any CPU.Build.0 = Debug|Any CPU
		{BDE33B23-DA40-4112-8FAE-9B899EFBD02D}.Release|Any CPU.ActiveCfg = Release|Any CPU
		{BDE33B23-DA40-4112-8FAE-9B899EFBD02D}.Release|Any CPU.Build.0 = Release|Any CPU
	EndGlobalSection
	GlobalSection(SolutionProperties) = preSolution
		HideSolutionNode = FALSE
	EndGlobalSection
	GlobalSection(ExtensibilityGlobals) = postSolution
		SolutionGuid = {9638909D-6BC8-44FA-B12C-C95D88876C57}
	EndGlobalSection
EndGlobal
