
Microsoft Visual Studio Solution File, Format Version 12.00
# Visual Studio Version 17
VisualStudioVersion = 17.4.33213.308
MinimumVisualStudioVersion = 10.0.40219.1
Project("{FAE04EC0-301F-11D3-BF4B-00C04F79EFBC}") = "2022 Day 10", "2022 Day 10.csproj", "{B98B924B-11F9-4C85-8FDA-FA0D963357B7}"
EndProject
Global
	GlobalSection(SolutionConfigurationPlatforms) = preSolution
		Debug|Any CPU = Debug|Any CPU
		Release|Any CPU = Release|Any CPU
	EndGlobalSection
	GlobalSection(ProjectConfigurationPlatforms) = postSolution
		{B98B924B-11F9-4C85-8FDA-FA0D963357B7}.Debug|Any CPU.ActiveCfg = Debug|Any CPU
		{B98B924B-11F9-4C85-8FDA-FA0D963357B7}.Debug|Any CPU.Build.0 = Debug|Any CPU
		{B98B924B-11F9-4C85-8FDA-FA0D963357B7}.Release|Any CPU.ActiveCfg = Release|Any CPU
		{B98B924B-11F9-4C85-8FDA-FA0D963357B7}.Release|Any CPU.Build.0 = Release|Any CPU
	EndGlobalSection
	GlobalSection(SolutionProperties) = preSolution
		HideSolutionNode = FALSE
	EndGlobalSection
	GlobalSection(ExtensibilityGlobals) = postSolution
		SolutionGuid = {E17270B3-CCB1-4009-8E1C-08AE8B74F90B}
	EndGlobalSection
EndGlobal
