
Microsoft Visual Studio Solution File, Format Version 12.00
# Visual Studio Version 17
VisualStudioVersion = 17.5.33627.172
MinimumVisualStudioVersion = 10.0.40219.1
Project("{FAE04EC0-301F-11D3-BF4B-00C04F79EFBC}") = "2019 Day 13", "2019 Day 13.csproj", "{7F8BA823-E442-40B7-B6AE-E28D825606EB}"
EndProject
Global
	GlobalSection(SolutionConfigurationPlatforms) = preSolution
		Debug|Any CPU = Debug|Any CPU
		Release|Any CPU = Release|Any CPU
	EndGlobalSection
	GlobalSection(ProjectConfigurationPlatforms) = postSolution
		{7F8BA823-E442-40B7-B6AE-E28D825606EB}.Debug|Any CPU.ActiveCfg = Debug|Any CPU
		{7F8BA823-E442-40B7-B6AE-E28D825606EB}.Debug|Any CPU.Build.0 = Debug|Any CPU
		{7F8BA823-E442-40B7-B6AE-E28D825606EB}.Release|Any CPU.ActiveCfg = Release|Any CPU
		{7F8BA823-E442-40B7-B6AE-E28D825606EB}.Release|Any CPU.Build.0 = Release|Any CPU
	EndGlobalSection
	GlobalSection(SolutionProperties) = preSolution
		HideSolutionNode = FALSE
	EndGlobalSection
	GlobalSection(ExtensibilityGlobals) = postSolution
		SolutionGuid = {5BD9A7DF-9F9B-42AF-9A69-C7E093A982D3}
	EndGlobalSection
EndGlobal
