
Microsoft Visual Studio Solution File, Format Version 12.00
# Visual Studio Version 17
VisualStudioVersion = 17.5.33516.290
MinimumVisualStudioVersion = 10.0.40219.1
Project("{9A19103F-16F7-4668-BE54-9A1E7A4F7556}") = "2016 Day 23", "2016 Day 23.csproj", "{65834F83-F872-4FCA-8A66-E2D9237ECFEC}"
EndProject
Project("{9A19103F-16F7-4668-BE54-9A1E7A4F7556}") = "AssemBunny", "..\..\Libraries\VMs\AssemBunny\AssemBunny.csproj", "{C8738FA1-2B67-44C6-BBEE-233A781AADFF}"
EndProject
Global
	GlobalSection(SolutionConfigurationPlatforms) = preSolution
		Debug|Any CPU = Debug|Any CPU
		Release|Any CPU = Release|Any CPU
	EndGlobalSection
	GlobalSection(ProjectConfigurationPlatforms) = postSolution
		{65834F83-F872-4FCA-8A66-E2D9237ECFEC}.Debug|Any CPU.ActiveCfg = Debug|Any CPU
		{65834F83-F872-4FCA-8A66-E2D9237ECFEC}.Debug|Any CPU.Build.0 = Debug|Any CPU
		{65834F83-F872-4FCA-8A66-E2D9237ECFEC}.Release|Any CPU.ActiveCfg = Release|Any CPU
		{65834F83-F872-4FCA-8A66-E2D9237ECFEC}.Release|Any CPU.Build.0 = Release|Any CPU
		{C8738FA1-2B67-44C6-BBEE-233A781AADFF}.Debug|Any CPU.ActiveCfg = Debug|Any CPU
		{C8738FA1-2B67-44C6-BBEE-233A781AADFF}.Debug|Any CPU.Build.0 = Debug|Any CPU
		{C8738FA1-2B67-44C6-BBEE-233A781AADFF}.Release|Any CPU.ActiveCfg = Release|Any CPU
		{C8738FA1-2B67-44C6-BBEE-233A781AADFF}.Release|Any CPU.Build.0 = Release|Any CPU
	EndGlobalSection
	GlobalSection(SolutionProperties) = preSolution
		HideSolutionNode = FALSE
	EndGlobalSection
	GlobalSection(ExtensibilityGlobals) = postSolution
		SolutionGuid = {8C4A331B-A16F-43C8-A94F-2E26CDCD2940}
	EndGlobalSection
EndGlobal
