
Microsoft Visual Studio Solution File, Format Version 12.00
# Visual Studio Version 17
VisualStudioVersion = 17.5.33530.505
MinimumVisualStudioVersion = 10.0.40219.1
Project("{9A19103F-16F7-4668-BE54-9A1E7A4F7556}") = "2018 Day 12", "2018 Day 12.csproj", "{6E10CC8D-CB14-4DE0-9524-281F6F60D7F5}"
EndProject
Global
	GlobalSection(SolutionConfigurationPlatforms) = preSolution
		Debug|Any CPU = Debug|Any CPU
		Release|Any CPU = Release|Any CPU
	EndGlobalSection
	GlobalSection(ProjectConfigurationPlatforms) = postSolution
		{6E10CC8D-CB14-4DE0-9524-281F6F60D7F5}.Debug|Any CPU.ActiveCfg = Debug|Any CPU
		{6E10CC8D-CB14-4DE0-9524-281F6F60D7F5}.Debug|Any CPU.Build.0 = Debug|Any CPU
		{6E10CC8D-CB14-4DE0-9524-281F6F60D7F5}.Release|Any CPU.ActiveCfg = Release|Any CPU
		{6E10CC8D-CB14-4DE0-9524-281F6F60D7F5}.Release|Any CPU.Build.0 = Release|Any CPU
	EndGlobalSection
	GlobalSection(SolutionProperties) = preSolution
		HideSolutionNode = FALSE
	EndGlobalSection
	GlobalSection(ExtensibilityGlobals) = postSolution
		SolutionGuid = {9EDC7F52-D70F-4293-9675-15C393AD3619}
	EndGlobalSection
EndGlobal
