
Microsoft Visual Studio Solution File, Format Version 12.00
# Visual Studio Version 17
VisualStudioVersion = 17.5.33516.290
MinimumVisualStudioVersion = 10.0.40219.1
Project("{9A19103F-16F7-4668-BE54-9A1E7A4F7556}") = "2017 Day 19", "2017 Day 19.csproj", "{5C8784D7-937B-4408-92A4-830D49742522}"
EndProject
Project("{9A19103F-16F7-4668-BE54-9A1E7A4F7556}") = "Geometry", "..\..\Libraries\Geometry\Geometry.csproj", "{619A8305-AD0F-4C10-A3B4-F21B7AF7BA68}"
EndProject
Global
	GlobalSection(SolutionConfigurationPlatforms) = preSolution
		Debug|Any CPU = Debug|Any CPU
		Release|Any CPU = Release|Any CPU
	EndGlobalSection
	GlobalSection(ProjectConfigurationPlatforms) = postSolution
		{5C8784D7-937B-4408-92A4-830D49742522}.Debug|Any CPU.ActiveCfg = Debug|Any CPU
		{5C8784D7-937B-4408-92A4-830D49742522}.Debug|Any CPU.Build.0 = Debug|Any CPU
		{5C8784D7-937B-4408-92A4-830D49742522}.Release|Any CPU.ActiveCfg = Release|Any CPU
		{5C8784D7-937B-4408-92A4-830D49742522}.Release|Any CPU.Build.0 = Release|Any CPU
		{619A8305-AD0F-4C10-A3B4-F21B7AF7BA68}.Debug|Any CPU.ActiveCfg = Debug|Any CPU
		{619A8305-AD0F-4C10-A3B4-F21B7AF7BA68}.Debug|Any CPU.Build.0 = Debug|Any CPU
		{619A8305-AD0F-4C10-A3B4-F21B7AF7BA68}.Release|Any CPU.ActiveCfg = Release|Any CPU
		{619A8305-AD0F-4C10-A3B4-F21B7AF7BA68}.Release|Any CPU.Build.0 = Release|Any CPU
	EndGlobalSection
	GlobalSection(SolutionProperties) = preSolution
		HideSolutionNode = FALSE
	EndGlobalSection
	GlobalSection(ExtensibilityGlobals) = postSolution
		SolutionGuid = {D1C42FD9-9240-46D1-ABCE-AC74D1B39BD5}
	EndGlobalSection
EndGlobal
