
Microsoft Visual Studio Solution File, Format Version 12.00
# Visual Studio Version 17
VisualStudioVersion = 17.8.34322.80
MinimumVisualStudioVersion = 10.0.40219.1
Project("{FAE04EC0-301F-11D3-BF4B-00C04F79EFBC}") = "2023 Day 04", "2023 Day 04.csproj", "{5D39C2EB-A3CD-447F-8946-E37CF05EAED8}"
EndProject
Global
	GlobalSection(SolutionConfigurationPlatforms) = preSolution
		Debug|Any CPU = Debug|Any CPU
		Release|Any CPU = Release|Any CPU
	EndGlobalSection
	GlobalSection(ProjectConfigurationPlatforms) = postSolution
		{5D39C2EB-A3CD-447F-8946-E37CF05EAED8}.Debug|Any CPU.ActiveCfg = Debug|Any CPU
		{5D39C2EB-A3CD-447F-8946-E37CF05EAED8}.Debug|Any CPU.Build.0 = Debug|Any CPU
		{5D39C2EB-A3CD-447F-8946-E37CF05EAED8}.Release|Any CPU.ActiveCfg = Release|Any CPU
		{5D39C2EB-A3CD-447F-8946-E37CF05EAED8}.Release|Any CPU.Build.0 = Release|Any CPU
	EndGlobalSection
	GlobalSection(SolutionProperties) = preSolution
		HideSolutionNode = FALSE
	EndGlobalSection
	GlobalSection(ExtensibilityGlobals) = postSolution
		SolutionGuid = {EF3BED4D-22BC-4A38-9FCF-0A3505939A7F}
	EndGlobalSection
EndGlobal
