
Microsoft Visual Studio Solution File, Format Version 12.00
# Visual Studio Version 17
VisualStudioVersion = 17.4.33213.308
MinimumVisualStudioVersion = 10.0.40219.1
Project("{FAE04EC0-301F-11D3-BF4B-00C04F79EFBC}") = "2022 Day 16", "2022 Day 16.csproj", "{E568BB5A-9BEC-4B54-BD27-68273AEC2AB0}"
EndProject
Global
	GlobalSection(SolutionConfigurationPlatforms) = preSolution
		Debug|Any CPU = Debug|Any CPU
		Release|Any CPU = Release|Any CPU
	EndGlobalSection
	GlobalSection(ProjectConfigurationPlatforms) = postSolution
		{E568BB5A-9BEC-4B54-BD27-68273AEC2AB0}.Debug|Any CPU.ActiveCfg = Debug|Any CPU
		{E568BB5A-9BEC-4B54-BD27-68273AEC2AB0}.Debug|Any CPU.Build.0 = Debug|Any CPU
		{E568BB5A-9BEC-4B54-BD27-68273AEC2AB0}.Release|Any CPU.ActiveCfg = Release|Any CPU
		{E568BB5A-9BEC-4B54-BD27-68273AEC2AB0}.Release|Any CPU.Build.0 = Release|Any CPU
	EndGlobalSection
	GlobalSection(SolutionProperties) = preSolution
		HideSolutionNode = FALSE
	EndGlobalSection
	GlobalSection(ExtensibilityGlobals) = postSolution
		SolutionGuid = {F85170F6-2A8F-4AF6-BD2D-BF9E749994A2}
	EndGlobalSection
EndGlobal
