
Microsoft Visual Studio Solution File, Format Version 12.00
# Visual Studio Version 17
VisualStudioVersion = 17.9.34607.119
MinimumVisualStudioVersion = 10.0.40219.1
Project("{FAE04EC0-301F-11D3-BF4B-00C04F79EFBC}") = "2021 Day 25", "2021 Day 25.csproj", "{D0E0312E-B4B6-455E-92F0-4670C99504CB}"
EndProject
Global
	GlobalSection(SolutionConfigurationPlatforms) = preSolution
		Debug|Any CPU = Debug|Any CPU
		Release|Any CPU = Release|Any CPU
	EndGlobalSection
	GlobalSection(ProjectConfigurationPlatforms) = postSolution
		{D0E0312E-B4B6-455E-92F0-4670C99504CB}.Debug|Any CPU.ActiveCfg = Debug|Any CPU
		{D0E0312E-B4B6-455E-92F0-4670C99504CB}.Debug|Any CPU.Build.0 = Debug|Any CPU
		{D0E0312E-B4B6-455E-92F0-4670C99504CB}.Release|Any CPU.ActiveCfg = Release|Any CPU
		{D0E0312E-B4B6-455E-92F0-4670C99504CB}.Release|Any CPU.Build.0 = Release|Any CPU
	EndGlobalSection
	GlobalSection(SolutionProperties) = preSolution
		HideSolutionNode = FALSE
	EndGlobalSection
	GlobalSection(ExtensibilityGlobals) = postSolution
		SolutionGuid = {04ADFC07-B84D-4CF7-9B12-69157667507B}
	EndGlobalSection
EndGlobal
