
Microsoft Visual Studio Solution File, Format Version 12.00
# Visual Studio Version 17
VisualStudioVersion = 17.5.33502.453
MinimumVisualStudioVersion = 10.0.40219.1
Project("{FAE04EC0-301F-11D3-BF4B-00C04F79EFBC}") = "2016 Day 18", "2016 Day 18.csproj", "{7F105CD0-192D-4C82-A66A-99C3E5757F68}"
EndProject
Global
	GlobalSection(SolutionConfigurationPlatforms) = preSolution
		Debug|Any CPU = Debug|Any CPU
		Release|Any CPU = Release|Any CPU
	EndGlobalSection
	GlobalSection(ProjectConfigurationPlatforms) = postSolution
		{7F105CD0-192D-4C82-A66A-99C3E5757F68}.Debug|Any CPU.ActiveCfg = Debug|Any CPU
		{7F105CD0-192D-4C82-A66A-99C3E5757F68}.Debug|Any CPU.Build.0 = Debug|Any CPU
		{7F105CD0-192D-4C82-A66A-99C3E5757F68}.Release|Any CPU.ActiveCfg = Release|Any CPU
		{7F105CD0-192D-4C82-A66A-99C3E5757F68}.Release|Any CPU.Build.0 = Release|Any CPU
	EndGlobalSection
	GlobalSection(SolutionProperties) = preSolution
		HideSolutionNode = FALSE
	EndGlobalSection
	GlobalSection(ExtensibilityGlobals) = postSolution
		SolutionGuid = {C16B18D7-8981-45EE-9B69-58BF602D0B0B}
	EndGlobalSection
EndGlobal
