
Microsoft Visual Studio Solution File, Format Version 12.00
# Visual Studio Version 17
VisualStudioVersion = 17.5.33516.290
MinimumVisualStudioVersion = 10.0.40219.1
Project("{9A19103F-16F7-4668-BE54-9A1E7A4F7556}") = "2017 Day 14", "2017 Day 14.csproj", "{BD4248BF-CB52-47AE-9DB1-00C2F8D28AD8}"
EndProject
Project("{9A19103F-16F7-4668-BE54-9A1E7A4F7556}") = "KnotHash", "..\2017 Libs\KnotHash\KnotHash.csproj", "{CE8E0E82-268E-45D9-B06F-C4915D01C464}"
EndProject
Project("{9A19103F-16F7-4668-BE54-9A1E7A4F7556}") = "Geometry", "..\..\Libraries\Geometry\Geometry.csproj", "{621F7FB1-1F44-4413-81EE-D8AC7AEF495E}"
EndProject
Global
	GlobalSection(SolutionConfigurationPlatforms) = preSolution
		Debug|Any CPU = Debug|Any CPU
		Release|Any CPU = Release|Any CPU
	EndGlobalSection
	GlobalSection(ProjectConfigurationPlatforms) = postSolution
		{BD4248BF-CB52-47AE-9DB1-00C2F8D28AD8}.Debug|Any CPU.ActiveCfg = Debug|Any CPU
		{BD4248BF-CB52-47AE-9DB1-00C2F8D28AD8}.Debug|Any CPU.Build.0 = Debug|Any CPU
		{BD4248BF-CB52-47AE-9DB1-00C2F8D28AD8}.Release|Any CPU.ActiveCfg = Release|Any CPU
		{BD4248BF-CB52-47AE-9DB1-00C2F8D28AD8}.Release|Any CPU.Build.0 = Release|Any CPU
		{CE8E0E82-268E-45D9-B06F-C4915D01C464}.Debug|Any CPU.ActiveCfg = Debug|Any CPU
		{CE8E0E82-268E-45D9-B06F-C4915D01C464}.Debug|Any CPU.Build.0 = Debug|Any CPU
		{CE8E0E82-268E-45D9-B06F-C4915D01C464}.Release|Any CPU.ActiveCfg = Release|Any CPU
		{CE8E0E82-268E-45D9-B06F-C4915D01C464}.Release|Any CPU.Build.0 = Release|Any CPU
		{621F7FB1-1F44-4413-81EE-D8AC7AEF495E}.Debug|Any CPU.ActiveCfg = Debug|Any CPU
		{621F7FB1-1F44-4413-81EE-D8AC7AEF495E}.Debug|Any CPU.Build.0 = Debug|Any CPU
		{621F7FB1-1F44-4413-81EE-D8AC7AEF495E}.Release|Any CPU.ActiveCfg = Release|Any CPU
		{621F7FB1-1F44-4413-81EE-D8AC7AEF495E}.Release|Any CPU.Build.0 = Release|Any CPU
	EndGlobalSection
	GlobalSection(SolutionProperties) = preSolution
		HideSolutionNode = FALSE
	EndGlobalSection
	GlobalSection(ExtensibilityGlobals) = postSolution
		SolutionGuid = {363EC59D-0BD7-4DE2-8B78-AE733844053D}
	EndGlobalSection
EndGlobal
