
Microsoft Visual Studio Solution File, Format Version 12.00
# Visual Studio Version 17
VisualStudioVersion = 17.6.33723.286
MinimumVisualStudioVersion = 10.0.40219.1
Project("{FAE04EC0-301F-11D3-BF4B-00C04F79EFBC}") = "2020 Day 15", "2020 Day 15.csproj", "{9EA2CD38-4AA3-45AA-88FF-7C2FD36C441E}"
EndProject
Global
	GlobalSection(SolutionConfigurationPlatforms) = preSolution
		Debug|Any CPU = Debug|Any CPU
		Release|Any CPU = Release|Any CPU
	EndGlobalSection
	GlobalSection(ProjectConfigurationPlatforms) = postSolution
		{9EA2CD38-4AA3-45AA-88FF-7C2FD36C441E}.Debug|Any CPU.ActiveCfg = Debug|Any CPU
		{9EA2CD38-4AA3-45AA-88FF-7C2FD36C441E}.Debug|Any CPU.Build.0 = Debug|Any CPU
		{9EA2CD38-4AA3-45AA-88FF-7C2FD36C441E}.Release|Any CPU.ActiveCfg = Release|Any CPU
		{9EA2CD38-4AA3-45AA-88FF-7C2FD36C441E}.Release|Any CPU.Build.0 = Release|Any CPU
	EndGlobalSection
	GlobalSection(SolutionProperties) = preSolution
		HideSolutionNode = FALSE
	EndGlobalSection
	GlobalSection(ExtensibilityGlobals) = postSolution
		SolutionGuid = {E0DC243E-E0EB-4EED-81D5-A85919A21635}
	EndGlobalSection
EndGlobal
