
Microsoft Visual Studio Solution File, Format Version 12.00
# Visual Studio Version 17
VisualStudioVersion = 17.5.33516.290
MinimumVisualStudioVersion = 10.0.40219.1
Project("{9A19103F-16F7-4668-BE54-9A1E7A4F7556}") = "2016 Day 25", "2016 Day 25.csproj", "{44D0FF60-2C60-40FD-937E-20C3CDC8F585}"
EndProject
Project("{9A19103F-16F7-4668-BE54-9A1E7A4F7556}") = "AssemBunny", "..\..\Libraries\VMs\AssemBunny\AssemBunny.csproj", "{57786DBD-7133-4B10-8865-02430AA21C2B}"
EndProject
Global
	GlobalSection(SolutionConfigurationPlatforms) = preSolution
		Debug|Any CPU = Debug|Any CPU
		Release|Any CPU = Release|Any CPU
	EndGlobalSection
	GlobalSection(ProjectConfigurationPlatforms) = postSolution
		{44D0FF60-2C60-40FD-937E-20C3CDC8F585}.Debug|Any CPU.ActiveCfg = Debug|Any CPU
		{44D0FF60-2C60-40FD-937E-20C3CDC8F585}.Debug|Any CPU.Build.0 = Debug|Any CPU
		{44D0FF60-2C60-40FD-937E-20C3CDC8F585}.Release|Any CPU.ActiveCfg = Release|Any CPU
		{44D0FF60-2C60-40FD-937E-20C3CDC8F585}.Release|Any CPU.Build.0 = Release|Any CPU
		{57786DBD-7133-4B10-8865-02430AA21C2B}.Debug|Any CPU.ActiveCfg = Debug|Any CPU
		{57786DBD-7133-4B10-8865-02430AA21C2B}.Debug|Any CPU.Build.0 = Debug|Any CPU
		{57786DBD-7133-4B10-8865-02430AA21C2B}.Release|Any CPU.ActiveCfg = Release|Any CPU
		{57786DBD-7133-4B10-8865-02430AA21C2B}.Release|Any CPU.Build.0 = Release|Any CPU
	EndGlobalSection
	GlobalSection(SolutionProperties) = preSolution
		HideSolutionNode = FALSE
	EndGlobalSection
	GlobalSection(ExtensibilityGlobals) = postSolution
		SolutionGuid = {775583A4-2473-4C2E-9918-51DF4B30693D}
	EndGlobalSection
EndGlobal
