
Microsoft Visual Studio Solution File, Format Version 12.00
# Visual Studio Version 17
VisualStudioVersion = 17.11.35431.28
MinimumVisualStudioVersion = 10.0.40219.1
Project("{FAE04EC0-301F-11D3-BF4B-00C04F79EFBC}") = "2024 Day 11", "2024 Day 11.csproj", "{F6D02C6B-8E9B-483D-979A-9049377C9C01}"
EndProject
Global
	GlobalSection(SolutionConfigurationPlatforms) = preSolution
		Debug|Any CPU = Debug|Any CPU
		Release|Any CPU = Release|Any CPU
	EndGlobalSection
	GlobalSection(ProjectConfigurationPlatforms) = postSolution
		{F6D02C6B-8E9B-483D-979A-9049377C9C01}.Debug|Any CPU.ActiveCfg = Debug|Any CPU
		{F6D02C6B-8E9B-483D-979A-9049377C9C01}.Debug|Any CPU.Build.0 = Debug|Any CPU
		{F6D02C6B-8E9B-483D-979A-9049377C9C01}.Release|Any CPU.ActiveCfg = Release|Any CPU
		{F6D02C6B-8E9B-483D-979A-9049377C9C01}.Release|Any CPU.Build.0 = Release|Any CPU
	EndGlobalSection
	GlobalSection(SolutionProperties) = preSolution
		HideSolutionNode = FALSE
	EndGlobalSection
	GlobalSection(ExtensibilityGlobals) = postSolution
		SolutionGuid = {91FB39C3-221E-4C21-836C-F6478382C377}
	EndGlobalSection
EndGlobal
