
Microsoft Visual Studio Solution File, Format Version 12.00
# Visual Studio Version 17
VisualStudioVersion = 17.4.33213.308
MinimumVisualStudioVersion = 10.0.40219.1
Project("{FAE04EC0-301F-11D3-BF4B-00C04F79EFBC}") = "2015 Day 18", "2015 Day 18.csproj", "{A0A1B05C-E080-498D-897D-1FAA58842F00}"
EndProject
Global
	GlobalSection(SolutionConfigurationPlatforms) = preSolution
		Debug|Any CPU = Debug|Any CPU
		Release|Any CPU = Release|Any CPU
	EndGlobalSection
	GlobalSection(ProjectConfigurationPlatforms) = postSolution
		{A0A1B05C-E080-498D-897D-1FAA58842F00}.Debug|Any CPU.ActiveCfg = Debug|Any CPU
		{A0A1B05C-E080-498D-897D-1FAA58842F00}.Debug|Any CPU.Build.0 = Debug|Any CPU
		{A0A1B05C-E080-498D-897D-1FAA58842F00}.Release|Any CPU.ActiveCfg = Release|Any CPU
		{A0A1B05C-E080-498D-897D-1FAA58842F00}.Release|Any CPU.Build.0 = Release|Any CPU
	EndGlobalSection
	GlobalSection(SolutionProperties) = preSolution
		HideSolutionNode = FALSE
	EndGlobalSection
	GlobalSection(ExtensibilityGlobals) = postSolution
		SolutionGuid = {911F076C-5E91-422D-A73D-B5997A96E2A3}
	EndGlobalSection
EndGlobal
