
Microsoft Visual Studio Solution File, Format Version 12.00
# Visual Studio Version 17
VisualStudioVersion = 17.8.34330.188
MinimumVisualStudioVersion = 10.0.40219.1
Project("{FAE04EC0-301F-11D3-BF4B-00C04F79EFBC}") = "2023 Day 15", "2023 Day 15.csproj", "{EB07F199-09BB-439F-8730-33A1B7711E01}"
EndProject
Global
	GlobalSection(SolutionConfigurationPlatforms) = preSolution
		Debug|Any CPU = Debug|Any CPU
		Release|Any CPU = Release|Any CPU
	EndGlobalSection
	GlobalSection(ProjectConfigurationPlatforms) = postSolution
		{EB07F199-09BB-439F-8730-33A1B7711E01}.Debug|Any CPU.ActiveCfg = Debug|Any CPU
		{EB07F199-09BB-439F-8730-33A1B7711E01}.Debug|Any CPU.Build.0 = Debug|Any CPU
		{EB07F199-09BB-439F-8730-33A1B7711E01}.Release|Any CPU.ActiveCfg = Release|Any CPU
		{EB07F199-09BB-439F-8730-33A1B7711E01}.Release|Any CPU.Build.0 = Release|Any CPU
	EndGlobalSection
	GlobalSection(SolutionProperties) = preSolution
		HideSolutionNode = FALSE
	EndGlobalSection
	GlobalSection(ExtensibilityGlobals) = postSolution
		SolutionGuid = {A19B11EC-C786-463A-9937-8E422956309A}
	EndGlobalSection
EndGlobal
