
Microsoft Visual Studio Solution File, Format Version 12.00
# Visual Studio Version 17
VisualStudioVersion = 17.8.34330.188
MinimumVisualStudioVersion = 10.0.40219.1
Project("{9A19103F-16F7-4668-BE54-9A1E7A4F7556}") = "2023 Day 19", "2023 Day 19.csproj", "{C624EBE7-E81F-44A0-8627-88BAA4A58B1B}"
EndProject
Global
	GlobalSection(SolutionConfigurationPlatforms) = preSolution
		Debug|Any CPU = Debug|Any CPU
		Release|Any CPU = Release|Any CPU
	EndGlobalSection
	GlobalSection(ProjectConfigurationPlatforms) = postSolution
		{C624EBE7-E81F-44A0-8627-88BAA4A58B1B}.Debug|Any CPU.ActiveCfg = Debug|Any CPU
		{C624EBE7-E81F-44A0-8627-88BAA4A58B1B}.Debug|Any CPU.Build.0 = Debug|Any CPU
		{C624EBE7-E81F-44A0-8627-88BAA4A58B1B}.Release|Any CPU.ActiveCfg = Release|Any CPU
		{C624EBE7-E81F-44A0-8627-88BAA4A58B1B}.Release|Any CPU.Build.0 = Release|Any CPU
	EndGlobalSection
	GlobalSection(SolutionProperties) = preSolution
		HideSolutionNode = FALSE
	EndGlobalSection
	GlobalSection(ExtensibilityGlobals) = postSolution
		SolutionGuid = {15C7C923-39BC-489B-9D1A-4721060BAD25}
	EndGlobalSection
EndGlobal
