
Microsoft Visual Studio Solution File, Format Version 12.00
# Visual Studio Version 17
VisualStudioVersion = 17.5.33530.505
MinimumVisualStudioVersion = 10.0.40219.1
Project("{FAE04EC0-301F-11D3-BF4B-00C04F79EFBC}") = "2018 Day 18", "2018 Day 18.csproj", "{3384AF52-F26E-4866-A4EC-657068C61D53}"
EndProject
Global
	GlobalSection(SolutionConfigurationPlatforms) = preSolution
		Debug|Any CPU = Debug|Any CPU
		Release|Any CPU = Release|Any CPU
	EndGlobalSection
	GlobalSection(ProjectConfigurationPlatforms) = postSolution
		{3384AF52-F26E-4866-A4EC-657068C61D53}.Debug|Any CPU.ActiveCfg = Debug|Any CPU
		{3384AF52-F26E-4866-A4EC-657068C61D53}.Debug|Any CPU.Build.0 = Debug|Any CPU
		{3384AF52-F26E-4866-A4EC-657068C61D53}.Release|Any CPU.ActiveCfg = Release|Any CPU
		{3384AF52-F26E-4866-A4EC-657068C61D53}.Release|Any CPU.Build.0 = Release|Any CPU
	EndGlobalSection
	GlobalSection(SolutionProperties) = preSolution
		HideSolutionNode = FALSE
	EndGlobalSection
	GlobalSection(ExtensibilityGlobals) = postSolution
		SolutionGuid = {4ACD2FA8-9892-4CFD-91DB-CE45C8069205}
	EndGlobalSection
EndGlobal
