
Microsoft Visual Studio Solution File, Format Version 12.00
# Visual Studio Version 17
VisualStudioVersion = 17.5.33502.453
MinimumVisualStudioVersion = 10.0.40219.1
Project("{9A19103F-16F7-4668-BE54-9A1E7A4F7556}") = "2016 Day 16", "2016 Day 16.csproj", "{A5EAF3AE-A832-4F46-8274-E51AE738477F}"
EndProject
Project("{9A19103F-16F7-4668-BE54-9A1E7A4F7556}") = "BKH.EnumExtentions", "..\..\Libraries\EnumExtentions\BKH.EnumExtentions.csproj", "{629A2BDE-0E75-47C5-9AD1-7B0D46EC3D8F}"
EndProject
Global
	GlobalSection(SolutionConfigurationPlatforms) = preSolution
		Debug|Any CPU = Debug|Any CPU
		Release|Any CPU = Release|Any CPU
	EndGlobalSection
	GlobalSection(ProjectConfigurationPlatforms) = postSolution
		{A5EAF3AE-A832-4F46-8274-E51AE738477F}.Debug|Any CPU.ActiveCfg = Debug|Any CPU
		{A5EAF3AE-A832-4F46-8274-E51AE738477F}.Debug|Any CPU.Build.0 = Debug|Any CPU
		{A5EAF3AE-A832-4F46-8274-E51AE738477F}.Release|Any CPU.ActiveCfg = Release|Any CPU
		{A5EAF3AE-A832-4F46-8274-E51AE738477F}.Release|Any CPU.Build.0 = Release|Any CPU
		{629A2BDE-0E75-47C5-9AD1-7B0D46EC3D8F}.Debug|Any CPU.ActiveCfg = Debug|Any CPU
		{629A2BDE-0E75-47C5-9AD1-7B0D46EC3D8F}.Debug|Any CPU.Build.0 = Debug|Any CPU
		{629A2BDE-0E75-47C5-9AD1-7B0D46EC3D8F}.Release|Any CPU.ActiveCfg = Release|Any CPU
		{629A2BDE-0E75-47C5-9AD1-7B0D46EC3D8F}.Release|Any CPU.Build.0 = Release|Any CPU
	EndGlobalSection
	GlobalSection(SolutionProperties) = preSolution
		HideSolutionNode = FALSE
	EndGlobalSection
	GlobalSection(ExtensibilityGlobals) = postSolution
		SolutionGuid = {F7FA99A9-885D-4540-BE72-58599D8B2F7D}
	EndGlobalSection
EndGlobal
