
Microsoft Visual Studio Solution File, Format Version 12.00
# Visual Studio Version 17
VisualStudioVersion = 17.5.33530.505
MinimumVisualStudioVersion = 10.0.40219.1
Project("{FAE04EC0-301F-11D3-BF4B-00C04F79EFBC}") = "2018 Day 10", "2018 Day 10.csproj", "{D32989C7-C140-4EE6-BAB2-768A814694C7}"
EndProject
Global
	GlobalSection(SolutionConfigurationPlatforms) = preSolution
		Debug|Any CPU = Debug|Any CPU
		Release|Any CPU = Release|Any CPU
	EndGlobalSection
	GlobalSection(ProjectConfigurationPlatforms) = postSolution
		{D32989C7-C140-4EE6-BAB2-768A814694C7}.Debug|Any CPU.ActiveCfg = Debug|Any CPU
		{D32989C7-C140-4EE6-BAB2-768A814694C7}.Debug|Any CPU.Build.0 = Debug|Any CPU
		{D32989C7-C140-4EE6-BAB2-768A814694C7}.Release|Any CPU.ActiveCfg = Release|Any CPU
		{D32989C7-C140-4EE6-BAB2-768A814694C7}.Release|Any CPU.Build.0 = Release|Any CPU
	EndGlobalSection
	GlobalSection(SolutionProperties) = preSolution
		HideSolutionNode = FALSE
	EndGlobalSection
	GlobalSection(ExtensibilityGlobals) = postSolution
		SolutionGuid = {EF578980-E314-4121-96C0-7CA30E1F8B43}
	EndGlobalSection
EndGlobal
