
Microsoft Visual Studio Solution File, Format Version 12.00
# Visual Studio Version 17
VisualStudioVersion = 17.5.33414.496
MinimumVisualStudioVersion = 10.0.40219.1
Project("{9A19103F-16F7-4668-BE54-9A1E7A4F7556}") = "2015 Day 24", "2015 Day 24.csproj", "{EF2DCFAE-1EEF-41A9-B74C-32667F6B0D0E}"
EndProject
Global
	GlobalSection(SolutionConfigurationPlatforms) = preSolution
		Debug|Any CPU = Debug|Any CPU
		Release|Any CPU = Release|Any CPU
	EndGlobalSection
	GlobalSection(ProjectConfigurationPlatforms) = postSolution
		{EF2DCFAE-1EEF-41A9-B74C-32667F6B0D0E}.Debug|Any CPU.ActiveCfg = Debug|Any CPU
		{EF2DCFAE-1EEF-41A9-B74C-32667F6B0D0E}.Debug|Any CPU.Build.0 = Debug|Any CPU
		{EF2DCFAE-1EEF-41A9-B74C-32667F6B0D0E}.Release|Any CPU.ActiveCfg = Release|Any CPU
		{EF2DCFAE-1EEF-41A9-B74C-32667F6B0D0E}.Release|Any CPU.Build.0 = Release|Any CPU
	EndGlobalSection
	GlobalSection(SolutionProperties) = preSolution
		HideSolutionNode = FALSE
	EndGlobalSection
	GlobalSection(ExtensibilityGlobals) = postSolution
		SolutionGuid = {75F38B5D-DE22-4C25-BF6C-0567D2FDF989}
	EndGlobalSection
EndGlobal
