
Microsoft Visual Studio Solution File, Format Version 12.00
# Visual Studio Version 17
VisualStudioVersion = 17.8.34330.188
MinimumVisualStudioVersion = 10.0.40219.1
Project("{FAE04EC0-301F-11D3-BF4B-00C04F79EFBC}") = "2023 Day 16", "2023 Day 16.csproj", "{C745F14E-B97F-42C6-99D6-D604D0D5226A}"
EndProject
Global
	GlobalSection(SolutionConfigurationPlatforms) = preSolution
		Debug|Any CPU = Debug|Any CPU
		Release|Any CPU = Release|Any CPU
	EndGlobalSection
	GlobalSection(ProjectConfigurationPlatforms) = postSolution
		{C745F14E-B97F-42C6-99D6-D604D0D5226A}.Debug|Any CPU.ActiveCfg = Debug|Any CPU
		{C745F14E-B97F-42C6-99D6-D604D0D5226A}.Debug|Any CPU.Build.0 = Debug|Any CPU
		{C745F14E-B97F-42C6-99D6-D604D0D5226A}.Release|Any CPU.ActiveCfg = Release|Any CPU
		{C745F14E-B97F-42C6-99D6-D604D0D5226A}.Release|Any CPU.Build.0 = Release|Any CPU
	EndGlobalSection
	GlobalSection(SolutionProperties) = preSolution
		HideSolutionNode = FALSE
	EndGlobalSection
	GlobalSection(ExtensibilityGlobals) = postSolution
		SolutionGuid = {E600E485-5792-4A65-8718-904DF82192E2}
	EndGlobalSection
EndGlobal
