
Microsoft Visual Studio Solution File, Format Version 12.00
# Visual Studio Version 17
VisualStudioVersion = 17.8.34330.188
MinimumVisualStudioVersion = 10.0.40219.1
Project("{FAE04EC0-301F-11D3-BF4B-00C04F79EFBC}") = "2023 Day 06", "2023 Day 06.csproj", "{A75619F3-8EB5-4A27-8DBF-23FD4A47A119}"
EndProject
Global
	GlobalSection(SolutionConfigurationPlatforms) = preSolution
		Debug|Any CPU = Debug|Any CPU
		Release|Any CPU = Release|Any CPU
	EndGlobalSection
	GlobalSection(ProjectConfigurationPlatforms) = postSolution
		{A75619F3-8EB5-4A27-8DBF-23FD4A47A119}.Debug|Any CPU.ActiveCfg = Debug|Any CPU
		{A75619F3-8EB5-4A27-8DBF-23FD4A47A119}.Debug|Any CPU.Build.0 = Debug|Any CPU
		{A75619F3-8EB5-4A27-8DBF-23FD4A47A119}.Release|Any CPU.ActiveCfg = Release|Any CPU
		{A75619F3-8EB5-4A27-8DBF-23FD4A47A119}.Release|Any CPU.Build.0 = Release|Any CPU
	EndGlobalSection
	GlobalSection(SolutionProperties) = preSolution
		HideSolutionNode = FALSE
	EndGlobalSection
	GlobalSection(ExtensibilityGlobals) = postSolution
		SolutionGuid = {AC0691F1-267B-49E8-80B9-7B1F2EA1B809}
	EndGlobalSection
EndGlobal
