
Microsoft Visual Studio Solution File, Format Version 12.00
# Visual Studio Version 17
VisualStudioVersion = 17.6.33723.286
MinimumVisualStudioVersion = 10.0.40219.1
Project("{FAE04EC0-301F-11D3-BF4B-00C04F79EFBC}") = "2020 Day 09", "2020 Day 09.csproj", "{AD4E0001-67CF-41DA-A867-EB7B252F5B95}"
EndProject
Global
	GlobalSection(SolutionConfigurationPlatforms) = preSolution
		Debug|Any CPU = Debug|Any CPU
		Release|Any CPU = Release|Any CPU
	EndGlobalSection
	GlobalSection(ProjectConfigurationPlatforms) = postSolution
		{AD4E0001-67CF-41DA-A867-EB7B252F5B95}.Debug|Any CPU.ActiveCfg = Debug|Any CPU
		{AD4E0001-67CF-41DA-A867-EB7B252F5B95}.Debug|Any CPU.Build.0 = Debug|Any CPU
		{AD4E0001-67CF-41DA-A867-EB7B252F5B95}.Release|Any CPU.ActiveCfg = Release|Any CPU
		{AD4E0001-67CF-41DA-A867-EB7B252F5B95}.Release|Any CPU.Build.0 = Release|Any CPU
	EndGlobalSection
	GlobalSection(SolutionProperties) = preSolution
		HideSolutionNode = FALSE
	EndGlobalSection
	GlobalSection(ExtensibilityGlobals) = postSolution
		SolutionGuid = {34147B77-0043-48AE-9D9A-CF842C758961}
	EndGlobalSection
EndGlobal
