
Microsoft Visual Studio Solution File, Format Version 12.00
# Visual Studio Version 17
VisualStudioVersion = 17.8.34330.188
MinimumVisualStudioVersion = 10.0.40219.1
Project("{FAE04EC0-301F-11D3-BF4B-00C04F79EFBC}") = "2023 Day 23", "2023 Day 23.csproj", "{F118B1C8-04B9-4D5A-AEA3-E696B1D62D93}"
EndProject
Global
	GlobalSection(SolutionConfigurationPlatforms) = preSolution
		Debug|Any CPU = Debug|Any CPU
		Release|Any CPU = Release|Any CPU
	EndGlobalSection
	GlobalSection(ProjectConfigurationPlatforms) = postSolution
		{F118B1C8-04B9-4D5A-AEA3-E696B1D62D93}.Debug|Any CPU.ActiveCfg = Debug|Any CPU
		{F118B1C8-04B9-4D5A-AEA3-E696B1D62D93}.Debug|Any CPU.Build.0 = Debug|Any CPU
		{F118B1C8-04B9-4D5A-AEA3-E696B1D62D93}.Release|Any CPU.ActiveCfg = Release|Any CPU
		{F118B1C8-04B9-4D5A-AEA3-E696B1D62D93}.Release|Any CPU.Build.0 = Release|Any CPU
	EndGlobalSection
	GlobalSection(SolutionProperties) = preSolution
		HideSolutionNode = FALSE
	EndGlobalSection
	GlobalSection(ExtensibilityGlobals) = postSolution
		SolutionGuid = {E3F82188-4021-4E1F-AAD4-FB6CB8B7DE7C}
	EndGlobalSection
EndGlobal
