
Microsoft Visual Studio Solution File, Format Version 12.00
# Visual Studio Version 17
VisualStudioVersion = 17.4.33403.182
MinimumVisualStudioVersion = 10.0.40219.1
Project("{FAE04EC0-301F-11D3-BF4B-00C04F79EFBC}") = "2015 Day 19", "2015 Day 19.csproj", "{F3BA2830-EB50-45E1-9A55-7DDE81064F54}"
EndProject
Global
	GlobalSection(SolutionConfigurationPlatforms) = preSolution
		Debug|Any CPU = Debug|Any CPU
		Release|Any CPU = Release|Any CPU
	EndGlobalSection
	GlobalSection(ProjectConfigurationPlatforms) = postSolution
		{F3BA2830-EB50-45E1-9A55-7DDE81064F54}.Debug|Any CPU.ActiveCfg = Debug|Any CPU
		{F3BA2830-EB50-45E1-9A55-7DDE81064F54}.Debug|Any CPU.Build.0 = Debug|Any CPU
		{F3BA2830-EB50-45E1-9A55-7DDE81064F54}.Release|Any CPU.ActiveCfg = Release|Any CPU
		{F3BA2830-EB50-45E1-9A55-7DDE81064F54}.Release|Any CPU.Build.0 = Release|Any CPU
	EndGlobalSection
	GlobalSection(SolutionProperties) = preSolution
		HideSolutionNode = FALSE
	EndGlobalSection
	GlobalSection(ExtensibilityGlobals) = postSolution
		SolutionGuid = {2420101F-B087-4EBC-9C20-45859BF65D24}
	EndGlobalSection
EndGlobal
