
Microsoft Visual Studio Solution File, Format Version 12.00
# Visual Studio Version 17
VisualStudioVersion = 17.8.34330.188
MinimumVisualStudioVersion = 10.0.40219.1
Project("{FAE04EC0-301F-11D3-BF4B-00C04F79EFBC}") = "2023 Day 20", "2023 Day 20.csproj", "{EB50DA4F-8E70-4EF1-86A1-99206F5ADFDC}"
EndProject
Global
	GlobalSection(SolutionConfigurationPlatforms) = preSolution
		Debug|Any CPU = Debug|Any CPU
		Release|Any CPU = Release|Any CPU
	EndGlobalSection
	GlobalSection(ProjectConfigurationPlatforms) = postSolution
		{EB50DA4F-8E70-4EF1-86A1-99206F5ADFDC}.Debug|Any CPU.ActiveCfg = Debug|Any CPU
		{EB50DA4F-8E70-4EF1-86A1-99206F5ADFDC}.Debug|Any CPU.Build.0 = Debug|Any CPU
		{EB50DA4F-8E70-4EF1-86A1-99206F5ADFDC}.Release|Any CPU.ActiveCfg = Release|Any CPU
		{EB50DA4F-8E70-4EF1-86A1-99206F5ADFDC}.Release|Any CPU.Build.0 = Release|Any CPU
	EndGlobalSection
	GlobalSection(SolutionProperties) = preSolution
		HideSolutionNode = FALSE
	EndGlobalSection
	GlobalSection(ExtensibilityGlobals) = postSolution
		SolutionGuid = {454EE1BD-B018-4459-92A2-778A692EB3A1}
	EndGlobalSection
EndGlobal
