
Microsoft Visual Studio Solution File, Format Version 12.00
# Visual Studio Version 17
VisualStudioVersion = 17.4.33213.308
MinimumVisualStudioVersion = 10.0.40219.1
Project("{FAE04EC0-301F-11D3-BF4B-00C04F79EFBC}") = "2015 Day 13", "2015 Day 13.csproj", "{63747516-3237-4769-AFD6-E7959FC99984}"
EndProject
Global
	GlobalSection(SolutionConfigurationPlatforms) = preSolution
		Debug|Any CPU = Debug|Any CPU
		Release|Any CPU = Release|Any CPU
	EndGlobalSection
	GlobalSection(ProjectConfigurationPlatforms) = postSolution
		{63747516-3237-4769-AFD6-E7959FC99984}.Debug|Any CPU.ActiveCfg = Debug|Any CPU
		{63747516-3237-4769-AFD6-E7959FC99984}.Debug|Any CPU.Build.0 = Debug|Any CPU
		{63747516-3237-4769-AFD6-E7959FC99984}.Release|Any CPU.ActiveCfg = Release|Any CPU
		{63747516-3237-4769-AFD6-E7959FC99984}.Release|Any CPU.Build.0 = Release|Any CPU
	EndGlobalSection
	GlobalSection(SolutionProperties) = preSolution
		HideSolutionNode = FALSE
	EndGlobalSection
	GlobalSection(ExtensibilityGlobals) = postSolution
		SolutionGuid = {6DFF5685-C719-41B5-8D13-552A7F32AD92}
	EndGlobalSection
EndGlobal
