
Microsoft Visual Studio Solution File, Format Version 12.00
# Visual Studio Version 17
VisualStudioVersion = 17.8.34330.188
MinimumVisualStudioVersion = 10.0.40219.1
Project("{FAE04EC0-301F-11D3-BF4B-00C04F79EFBC}") = "2023 Day 13", "2023 Day 13.csproj", "{9BD02CC1-DFAD-4823-8988-D88D3CFC96E3}"
EndProject
Global
	GlobalSection(SolutionConfigurationPlatforms) = preSolution
		Debug|Any CPU = Debug|Any CPU
		Release|Any CPU = Release|Any CPU
	EndGlobalSection
	GlobalSection(ProjectConfigurationPlatforms) = postSolution
		{9BD02CC1-DFAD-4823-8988-D88D3CFC96E3}.Debug|Any CPU.ActiveCfg = Debug|Any CPU
		{9BD02CC1-DFAD-4823-8988-D88D3CFC96E3}.Debug|Any CPU.Build.0 = Debug|Any CPU
		{9BD02CC1-DFAD-4823-8988-D88D3CFC96E3}.Release|Any CPU.ActiveCfg = Release|Any CPU
		{9BD02CC1-DFAD-4823-8988-D88D3CFC96E3}.Release|Any CPU.Build.0 = Release|Any CPU
	EndGlobalSection
	GlobalSection(SolutionProperties) = preSolution
		HideSolutionNode = FALSE
	EndGlobalSection
	GlobalSection(ExtensibilityGlobals) = postSolution
		SolutionGuid = {E640BB6C-D54A-4209-9EE8-C6DCD0674EF9}
	EndGlobalSection
EndGlobal
