
Microsoft Visual Studio Solution File, Format Version 12.00
# Visual Studio Version 17
VisualStudioVersion = 17.8.34322.80
MinimumVisualStudioVersion = 10.0.40219.1
Project("{FAE04EC0-301F-11D3-BF4B-00C04F79EFBC}") = "2021 Day 19", "2021 Day 19.csproj", "{18B8EB82-A815-471D-BBA1-D65B2EFF8EF2}"
EndProject
Global
	GlobalSection(SolutionConfigurationPlatforms) = preSolution
		Debug|Any CPU = Debug|Any CPU
		Release|Any CPU = Release|Any CPU
	EndGlobalSection
	GlobalSection(ProjectConfigurationPlatforms) = postSolution
		{18B8EB82-A815-471D-BBA1-D65B2EFF8EF2}.Debug|Any CPU.ActiveCfg = Debug|Any CPU
		{18B8EB82-A815-471D-BBA1-D65B2EFF8EF2}.Debug|Any CPU.Build.0 = Debug|Any CPU
		{18B8EB82-A815-471D-BBA1-D65B2EFF8EF2}.Release|Any CPU.ActiveCfg = Release|Any CPU
		{18B8EB82-A815-471D-BBA1-D65B2EFF8EF2}.Release|Any CPU.Build.0 = Release|Any CPU
	EndGlobalSection
	GlobalSection(SolutionProperties) = preSolution
		HideSolutionNode = FALSE
	EndGlobalSection
	GlobalSection(ExtensibilityGlobals) = postSolution
		SolutionGuid = {A4FEB282-AB85-4B12-B80A-4C1D6415B97D}
	EndGlobalSection
EndGlobal
