
Microsoft Visual Studio Solution File, Format Version 12.00
# Visual Studio Version 17
VisualStudioVersion = 17.12.35521.163 d17.12
MinimumVisualStudioVersion = 10.0.40219.1
Project("{FAE04EC0-301F-11D3-BF4B-00C04F79EFBC}") = "2024 Day 02", "2024 Day 02.csproj", "{91B34BDA-526A-47B4-8E0A-A19F2AECD0A4}"
EndProject
Global
	GlobalSection(SolutionConfigurationPlatforms) = preSolution
		Debug|Any CPU = Debug|Any CPU
		Release|Any CPU = Release|Any CPU
	EndGlobalSection
	GlobalSection(ProjectConfigurationPlatforms) = postSolution
		{91B34BDA-526A-47B4-8E0A-A19F2AECD0A4}.Debug|Any CPU.ActiveCfg = Debug|Any CPU
		{91B34BDA-526A-47B4-8E0A-A19F2AECD0A4}.Debug|Any CPU.Build.0 = Debug|Any CPU
		{91B34BDA-526A-47B4-8E0A-A19F2AECD0A4}.Release|Any CPU.ActiveCfg = Release|Any CPU
		{91B34BDA-526A-47B4-8E0A-A19F2AECD0A4}.Release|Any CPU.Build.0 = Release|Any CPU
	EndGlobalSection
	GlobalSection(SolutionProperties) = preSolution
		HideSolutionNode = FALSE
	EndGlobalSection
EndGlobal
