
Microsoft Visual Studio Solution File, Format Version 12.00
# Visual Studio Version 17
VisualStudioVersion = 17.4.33213.308
MinimumVisualStudioVersion = 10.0.40219.1
Project("{FAE04EC0-301F-11D3-BF4B-00C04F79EFBC}") = "2022 Day 22", "2022 Day 22.csproj", "{46575818-1F1F-41C7-BC82-75B70F3B539E}"
EndProject
Global
	GlobalSection(SolutionConfigurationPlatforms) = preSolution
		Debug|Any CPU = Debug|Any CPU
		Release|Any CPU = Release|Any CPU
	EndGlobalSection
	GlobalSection(ProjectConfigurationPlatforms) = postSolution
		{46575818-1F1F-41C7-BC82-75B70F3B539E}.Debug|Any CPU.ActiveCfg = Debug|Any CPU
		{46575818-1F1F-41C7-BC82-75B70F3B539E}.Debug|Any CPU.Build.0 = Debug|Any CPU
		{46575818-1F1F-41C7-BC82-75B70F3B539E}.Release|Any CPU.ActiveCfg = Release|Any CPU
		{46575818-1F1F-41C7-BC82-75B70F3B539E}.Release|Any CPU.Build.0 = Release|Any CPU
	EndGlobalSection
	GlobalSection(SolutionProperties) = preSolution
		HideSolutionNode = FALSE
	EndGlobalSection
	GlobalSection(ExtensibilityGlobals) = postSolution
		SolutionGuid = {3070A724-20C1-4A22-9DB4-0DAD23B86A47}
	EndGlobalSection
EndGlobal
