
Microsoft Visual Studio Solution File, Format Version 12.00
# Visual Studio Version 17
VisualStudioVersion = 17.5.33424.131
MinimumVisualStudioVersion = 10.0.40219.1
Project("{FAE04EC0-301F-11D3-BF4B-00C04F79EFBC}") = "2016 Day 13", "2016 Day 13.csproj", "{FB5F9730-DBC1-4029-8DC7-193967B7F474}"
EndProject
Global
	GlobalSection(SolutionConfigurationPlatforms) = preSolution
		Debug|Any CPU = Debug|Any CPU
		Release|Any CPU = Release|Any CPU
	EndGlobalSection
	GlobalSection(ProjectConfigurationPlatforms) = postSolution
		{FB5F9730-DBC1-4029-8DC7-193967B7F474}.Debug|Any CPU.ActiveCfg = Debug|Any CPU
		{FB5F9730-DBC1-4029-8DC7-193967B7F474}.Debug|Any CPU.Build.0 = Debug|Any CPU
		{FB5F9730-DBC1-4029-8DC7-193967B7F474}.Release|Any CPU.ActiveCfg = Release|Any CPU
		{FB5F9730-DBC1-4029-8DC7-193967B7F474}.Release|Any CPU.Build.0 = Release|Any CPU
	EndGlobalSection
	GlobalSection(SolutionProperties) = preSolution
		HideSolutionNode = FALSE
	EndGlobalSection
	GlobalSection(ExtensibilityGlobals) = postSolution
		SolutionGuid = {DB8F0E25-CC6B-434A-9C44-FB39761937C0}
	EndGlobalSection
EndGlobal
