
Microsoft Visual Studio Solution File, Format Version 12.00
# Visual Studio Version 17
VisualStudioVersion = 17.5.33414.496
MinimumVisualStudioVersion = 10.0.40219.1
Project("{9A19103F-16F7-4668-BE54-9A1E7A4F7556}") = "Synacor Challenge", "Synacor Challenge.csproj", "{1D49BB35-25C4-49BB-8775-6C626683384B}"
EndProject
Global
	GlobalSection(SolutionConfigurationPlatforms) = preSolution
		Debug|Any CPU = Debug|Any CPU
		Release|Any CPU = Release|Any CPU
	EndGlobalSection
	GlobalSection(ProjectConfigurationPlatforms) = postSolution
		{1D49BB35-25C4-49BB-8775-6C626683384B}.Debug|Any CPU.ActiveCfg = Debug|Any CPU
		{1D49BB35-25C4-49BB-8775-6C626683384B}.Debug|Any CPU.Build.0 = Debug|Any CPU
		{1D49BB35-25C4-49BB-8775-6C626683384B}.Release|Any CPU.ActiveCfg = Release|Any CPU
		{1D49BB35-25C4-49BB-8775-6C626683384B}.Release|Any CPU.Build.0 = Release|Any CPU
	EndGlobalSection
	GlobalSection(SolutionProperties) = preSolution
		HideSolutionNode = FALSE
	EndGlobalSection
	GlobalSection(ExtensibilityGlobals) = postSolution
		SolutionGuid = {CC5D7BCA-2AC6-4C82-8359-EEC52595AFE4}
	EndGlobalSection
EndGlobal
