
Microsoft Visual Studio Solution File, Format Version 12.00
# Visual Studio Version 17
VisualStudioVersion = 17.4.33213.308
MinimumVisualStudioVersion = 10.0.40219.1
Project("{FAE04EC0-301F-11D3-BF4B-00C04F79EFBC}") = "2022 Day 12", "2022 Day 12.csproj", "{35461600-0098-44A4-AD96-F4C082B4A4CC}"
EndProject
Global
	GlobalSection(SolutionConfigurationPlatforms) = preSolution
		Debug|Any CPU = Debug|Any CPU
		Release|Any CPU = Release|Any CPU
	EndGlobalSection
	GlobalSection(ProjectConfigurationPlatforms) = postSolution
		{35461600-0098-44A4-AD96-F4C082B4A4CC}.Debug|Any CPU.ActiveCfg = Debug|Any CPU
		{35461600-0098-44A4-AD96-F4C082B4A4CC}.Debug|Any CPU.Build.0 = Debug|Any CPU
		{35461600-0098-44A4-AD96-F4C082B4A4CC}.Release|Any CPU.ActiveCfg = Release|Any CPU
		{35461600-0098-44A4-AD96-F4C082B4A4CC}.Release|Any CPU.Build.0 = Release|Any CPU
	EndGlobalSection
	GlobalSection(SolutionProperties) = preSolution
		HideSolutionNode = FALSE
	EndGlobalSection
	GlobalSection(ExtensibilityGlobals) = postSolution
		SolutionGuid = {D4DC5E8D-791F-451B-85B1-9F8967559FFC}
	EndGlobalSection
EndGlobal
