
Microsoft Visual Studio Solution File, Format Version 12.00
# Visual Studio Version 17
VisualStudioVersion = 17.4.33403.182
MinimumVisualStudioVersion = 10.0.40219.1
Project("{9A19103F-16F7-4668-BE54-9A1E7A4F7556}") = "2015 Day 20", "2015 Day 20.csproj", "{8E8FCCEA-5C79-4DB5-AD73-D276EFDD8227}"
EndProject
Project("{9A19103F-16F7-4668-BE54-9A1E7A4F7556}") = "BKH.EnumExtentions", "..\..\Libraries\EnumExtentions\BKH.EnumExtentions.csproj", "{5FF96CD1-2A48-4B39-8111-12ACECFAD9D0}"
EndProject
Global
	GlobalSection(SolutionConfigurationPlatforms) = preSolution
		Debug|Any CPU = Debug|Any CPU
		Release|Any CPU = Release|Any CPU
	EndGlobalSection
	GlobalSection(ProjectConfigurationPlatforms) = postSolution
		{8E8FCCEA-5C79-4DB5-AD73-D276EFDD8227}.Debug|Any CPU.ActiveCfg = Debug|Any CPU
		{8E8FCCEA-5C79-4DB5-AD73-D276EFDD8227}.Debug|Any CPU.Build.0 = Debug|Any CPU
		{8E8FCCEA-5C79-4DB5-AD73-D276EFDD8227}.Release|Any CPU.ActiveCfg = Release|Any CPU
		{8E8FCCEA-5C79-4DB5-AD73-D276EFDD8227}.Release|Any CPU.Build.0 = Release|Any CPU
		{5FF96CD1-2A48-4B39-8111-12ACECFAD9D0}.Debug|Any CPU.ActiveCfg = Debug|Any CPU
		{5FF96CD1-2A48-4B39-8111-12ACECFAD9D0}.Debug|Any CPU.Build.0 = Debug|Any CPU
		{5FF96CD1-2A48-4B39-8111-12ACECFAD9D0}.Release|Any CPU.ActiveCfg = Release|Any CPU
		{5FF96CD1-2A48-4B39-8111-12ACECFAD9D0}.Release|Any CPU.Build.0 = Release|Any CPU
	EndGlobalSection
	GlobalSection(SolutionProperties) = preSolution
		HideSolutionNode = FALSE
	EndGlobalSection
	GlobalSection(ExtensibilityGlobals) = postSolution
		SolutionGuid = {A1636412-FA3F-4256-8A73-01A80E2FB849}
	EndGlobalSection
EndGlobal
