
Microsoft Visual Studio Solution File, Format Version 12.00
# Visual Studio Version 17
VisualStudioVersion = 17.4.33213.308
MinimumVisualStudioVersion = 10.0.40219.1
Project("{FAE04EC0-301F-11D3-BF4B-00C04F79EFBC}") = "2015 Day 5", "2015 Day 5.csproj", "{2B57D4A9-1807-48D5-AE0E-90933299C2E8}"
EndProject
Global
	GlobalSection(SolutionConfigurationPlatforms) = preSolution
		Debug|Any CPU = Debug|Any CPU
		Release|Any CPU = Release|Any CPU
	EndGlobalSection
	GlobalSection(ProjectConfigurationPlatforms) = postSolution
		{2B57D4A9-1807-48D5-AE0E-90933299C2E8}.Debug|Any CPU.ActiveCfg = Debug|Any CPU
		{2B57D4A9-1807-48D5-AE0E-90933299C2E8}.Debug|Any CPU.Build.0 = Debug|Any CPU
		{2B57D4A9-1807-48D5-AE0E-90933299C2E8}.Release|Any CPU.ActiveCfg = Release|Any CPU
		{2B57D4A9-1807-48D5-AE0E-90933299C2E8}.Release|Any CPU.Build.0 = Release|Any CPU
	EndGlobalSection
	GlobalSection(SolutionProperties) = preSolution
		HideSolutionNode = FALSE
	EndGlobalSection
	GlobalSection(ExtensibilityGlobals) = postSolution
		SolutionGuid = {7C60455B-46D0-4C74-B4CB-BF42BF2B7B3F}
	EndGlobalSection
EndGlobal
