
Microsoft Visual Studio Solution File, Format Version 12.00
# Visual Studio Version 17
VisualStudioVersion = 17.9.34902.65
MinimumVisualStudioVersion = 10.0.40219.1
Project("{FAE04EC0-301F-11D3-BF4B-00C04F79EFBC}") = "Geometry", "Geometry.csproj", "{C10AE01F-B003-4567-8D19-234FC78AF99A}"
EndProject
Global
	GlobalSection(SolutionConfigurationPlatforms) = preSolution
		Debug|Any CPU = Debug|Any CPU
		Release|Any CPU = Release|Any CPU
	EndGlobalSection
	GlobalSection(ProjectConfigurationPlatforms) = postSolution
		{C10AE01F-B003-4567-8D19-234FC78AF99A}.Debug|Any CPU.ActiveCfg = Debug|Any CPU
		{C10AE01F-B003-4567-8D19-234FC78AF99A}.Debug|Any CPU.Build.0 = Debug|Any CPU
		{C10AE01F-B003-4567-8D19-234FC78AF99A}.Release|Any CPU.ActiveCfg = Release|Any CPU
		{C10AE01F-B003-4567-8D19-234FC78AF99A}.Release|Any CPU.Build.0 = Release|Any CPU
	EndGlobalSection
	GlobalSection(SolutionProperties) = preSolution
		HideSolutionNode = FALSE
	EndGlobalSection
	GlobalSection(ExtensibilityGlobals) = postSolution
		SolutionGuid = {1DCF10E5-ED5B-4740-90E1-4616D412248E}
	EndGlobalSection
EndGlobal
