
Microsoft Visual Studio Solution File, Format Version 12.00
# Visual Studio Version 17
VisualStudioVersion = 17.5.33424.131
MinimumVisualStudioVersion = 10.0.40219.1
Project("{FAE04EC0-301F-11D3-BF4B-00C04F79EFBC}") = "2016 Day 06", "2016 Day 06.csproj", "{AAC4ABF0-A3EA-453A-AB24-BA657238E678}"
EndProject
Global
	GlobalSection(SolutionConfigurationPlatforms) = preSolution
		Debug|Any CPU = Debug|Any CPU
		Release|Any CPU = Release|Any CPU
	EndGlobalSection
	GlobalSection(ProjectConfigurationPlatforms) = postSolution
		{AAC4ABF0-A3EA-453A-AB24-BA657238E678}.Debug|Any CPU.ActiveCfg = Debug|Any CPU
		{AAC4ABF0-A3EA-453A-AB24-BA657238E678}.Debug|Any CPU.Build.0 = Debug|Any CPU
		{AAC4ABF0-A3EA-453A-AB24-BA657238E678}.Release|Any CPU.ActiveCfg = Release|Any CPU
		{AAC4ABF0-A3EA-453A-AB24-BA657238E678}.Release|Any CPU.Build.0 = Release|Any CPU
	EndGlobalSection
	GlobalSection(SolutionProperties) = preSolution
		HideSolutionNode = FALSE
	EndGlobalSection
	GlobalSection(ExtensibilityGlobals) = postSolution
		SolutionGuid = {697E04C7-2B81-4F63-BB84-152608CAEFA2}
	EndGlobalSection
EndGlobal
