
Microsoft Visual Studio Solution File, Format Version 12.00
# Visual Studio Version 17
VisualStudioVersion = 17.12.35527.113 d17.12
MinimumVisualStudioVersion = 10.0.40219.1
Project("{FAE04EC0-301F-11D3-BF4B-00C04F79EFBC}") = "2024 Day 16", "2024 Day 16.csproj", "{991E7910-3829-41A2-A88B-68BEB309B564}"
EndProject
Project("{FAE04EC0-301F-11D3-BF4B-00C04F79EFBC}") = "Map", "..\..\Libraries\Map\Map.csproj", "{C54BAF73-8FB9-4095-A460-7D3D7A0FE50C}"
EndProject
Global
	GlobalSection(SolutionConfigurationPlatforms) = preSolution
		Debug|Any CPU = Debug|Any CPU
		Release|Any CPU = Release|Any CPU
	EndGlobalSection
	GlobalSection(ProjectConfigurationPlatforms) = postSolution
		{991E7910-3829-41A2-A88B-68BEB309B564}.Debug|Any CPU.ActiveCfg = Debug|Any CPU
		{991E7910-3829-41A2-A88B-68BEB309B564}.Debug|Any CPU.Build.0 = Debug|Any CPU
		{991E7910-3829-41A2-A88B-68BEB309B564}.Release|Any CPU.ActiveCfg = Release|Any CPU
		{991E7910-3829-41A2-A88B-68BEB309B564}.Release|Any CPU.Build.0 = Release|Any CPU
		{C54BAF73-8FB9-4095-A460-7D3D7A0FE50C}.Debug|Any CPU.ActiveCfg = Debug|Any CPU
		{C54BAF73-8FB9-4095-A460-7D3D7A0FE50C}.Debug|Any CPU.Build.0 = Debug|Any CPU
		{C54BAF73-8FB9-4095-A460-7D3D7A0FE50C}.Release|Any CPU.ActiveCfg = Release|Any CPU
		{C54BAF73-8FB9-4095-A460-7D3D7A0FE50C}.Release|Any CPU.Build.0 = Release|Any CPU
	EndGlobalSection
	GlobalSection(SolutionProperties) = preSolution
		HideSolutionNode = FALSE
	EndGlobalSection
EndGlobal
